// !$*UTF8*$!
{
	archiveVersion = 1;
	classes = {
	};
	objectVersion = 60;
	objects = {

/* Begin PBXBuildFile section */
		D04075C72B85DAC200C0EC1F /* SeekPlusApp.swift in Sources */ = {isa = PBXBuildFile; fileRef = D04075C62B85DAC200C0EC1F /* SeekPlusApp.swift */; };
		D04075C92B85DAC200C0EC1F /* ContentView.swift in Sources */ = {isa = PBXBuildFile; fileRef = D04075C82B85DAC200C0EC1F /* ContentView.swift */; };
		D04075CB2B85DAC300C0EC1F /* Assets.xcassets in Resources */ = {isa = PBXBuildFile; fileRef = D04075CA2B85DAC300C0EC1F /* Assets.xcassets */; };
		D04075CE2B85DAC300C0EC1F /* Preview Assets.xcassets in Resources */ = {isa = PBXBuildFile; fileRef = D04075CD2B85DAC300C0EC1F /* Preview Assets.xcassets */; };
		D04075D82B85DAC300C0EC1F /* SeekPlusTests.swift in Sources */ = {isa = PBXBuildFile; fileRef = D04075D72B85DAC300C0EC1F /* SeekPlusTests.swift */; };
		D04075E22B85DAC300C0EC1F /* SeekPlusUITests.swift in Sources */ = {isa = PBXBuildFile; fileRef = D04075E12B85DAC300C0EC1F /* SeekPlusUITests.swift */; };
		D04075E42B85DAC300C0EC1F /* SeekPlusUITestsLaunchTests.swift in Sources */ = {isa = PBXBuildFile; fileRef = D04075E32B85DAC300C0EC1F /* SeekPlusUITestsLaunchTests.swift */; };
		D04076052B86DDDB00C0EC1F /* TabBarView.swift in Sources */ = {isa = PBXBuildFile; fileRef = D04076042B86DDDB00C0EC1F /* TabBarView.swift */; };
		D04076082B86DE2900C0EC1F /* HomeView.swift in Sources */ = {isa = PBXBuildFile; fileRef = D04076072B86DE2900C0EC1F /* HomeView.swift */; };
		D040760C2B86E09300C0EC1F /* ConfigurableImageStyle.swift in Sources */ = {isa = PBXBuildFile; fileRef = D040760B2B86E09300C0EC1F /* ConfigurableImageStyle.swift */; };
		D040760F2B86E1C900C0EC1F /* ImageAttributes.swift in Sources */ = {isa = PBXBuildFile; fileRef = D040760E2B86E1C900C0EC1F /* ImageAttributes.swift */; };
		D04076122B86E58400C0EC1F /* AppColor.swift in Sources */ = {isa = PBXBuildFile; fileRef = D04076112B86E58400C0EC1F /* AppColor.swift */; };
		D04076142B86F44400C0EC1F /* AppliedJobsView.swift in Sources */ = {isa = PBXBuildFile; fileRef = D04076132B86F44400C0EC1F /* AppliedJobsView.swift */; };
		D04076162B86F46500C0EC1F /* ProfileView.swift in Sources */ = {isa = PBXBuildFile; fileRef = D04076152B86F46500C0EC1F /* ProfileView.swift */; };
		D04076192B8703AC00C0EC1F /* TextAttributes.swift in Sources */ = {isa = PBXBuildFile; fileRef = D04076182B8703AC00C0EC1F /* TextAttributes.swift */; };
		D040761B2B8707D100C0EC1F /* ConfigurableTextStyle.swift in Sources */ = {isa = PBXBuildFile; fileRef = D040761A2B8707D100C0EC1F /* ConfigurableTextStyle.swift */; };
		D040761D2B870C3B00C0EC1F /* TabBarItem.swift in Sources */ = {isa = PBXBuildFile; fileRef = D040761C2B870C3B00C0EC1F /* TabBarItem.swift */; };
		D040761F2B8713DB00C0EC1F /* LoginView.swift in Sources */ = {isa = PBXBuildFile; fileRef = D040761E2B8713DB00C0EC1F /* LoginView.swift */; };
		D04076222B87202000C0EC1F /* Margin.swift in Sources */ = {isa = PBXBuildFile; fileRef = D04076212B87202000C0EC1F /* Margin.swift */; };
		D04076252B873D4000C0EC1F /* DefaultTextFieldStyle.swift in Sources */ = {isa = PBXBuildFile; fileRef = D04076242B873D4000C0EC1F /* DefaultTextFieldStyle.swift */; };
		D04076272B8764A100C0EC1F /* LoginField.swift in Sources */ = {isa = PBXBuildFile; fileRef = D04076262B8764A100C0EC1F /* LoginField.swift */; };
		D040762A2B87683D00C0EC1F /* ConfigurableButtonStyle.swift in Sources */ = {isa = PBXBuildFile; fileRef = D04076292B87683D00C0EC1F /* ConfigurableButtonStyle.swift */; };
		D040762C2B87689100C0EC1F /* ButtonAttributes.swift in Sources */ = {isa = PBXBuildFile; fileRef = D040762B2B87689100C0EC1F /* ButtonAttributes.swift */; };
		D04076302B87818F00C0EC1F /* JobCardView.swift in Sources */ = {isa = PBXBuildFile; fileRef = D040762F2B87818F00C0EC1F /* JobCardView.swift */; };
		D04076322B87889B00C0EC1F /* JobCardContent.swift in Sources */ = {isa = PBXBuildFile; fileRef = D04076312B87889B00C0EC1F /* JobCardContent.swift */; };
		D04076352B87AC2A00C0EC1F /* ConfigurableBackgroundView.swift in Sources */ = {isa = PBXBuildFile; fileRef = D04076342B87AC2A00C0EC1F /* ConfigurableBackgroundView.swift */; };
		D04076372B87AFFA00C0EC1F /* BackgroundAttributes.swift in Sources */ = {isa = PBXBuildFile; fileRef = D04076362B87AFFA00C0EC1F /* BackgroundAttributes.swift */; };
		D04076392B87B09100C0EC1F /* CornerRadius.swift in Sources */ = {isa = PBXBuildFile; fileRef = D04076382B87B09100C0EC1F /* CornerRadius.swift */; };
		D040763B2B87B93800C0EC1F /* ImageSize.swift in Sources */ = {isa = PBXBuildFile; fileRef = D040763A2B87B93800C0EC1F /* ImageSize.swift */; };
		D040763E2B87C2A500C0EC1F /* JobDetailsView.swift in Sources */ = {isa = PBXBuildFile; fileRef = D040763D2B87C2A500C0EC1F /* JobDetailsView.swift */; };
		D04076402B87C53300C0EC1F /* JobDetailsContent.swift in Sources */ = {isa = PBXBuildFile; fileRef = D040763F2B87C53300C0EC1F /* JobDetailsContent.swift */; };
		D04076432B89A63100C0EC1F /* HomeViewModelContract.swift in Sources */ = {isa = PBXBuildFile; fileRef = D04076422B89A63100C0EC1F /* HomeViewModelContract.swift */; };
		D04076492B8ADED600C0EC1F /* Swinject in Frameworks */ = {isa = PBXBuildFile; productRef = D04076482B8ADED600C0EC1F /* Swinject */; };
		D040764B2B8ADED600C0EC1F /* Swinject-Dynamic in Frameworks */ = {isa = PBXBuildFile; productRef = D040764A2B8ADED600C0EC1F /* Swinject-Dynamic */; };
		D04076562B8B37BB00C0EC1F /* Apollo in Frameworks */ = {isa = PBXBuildFile; productRef = D04076552B8B37BB00C0EC1F /* Apollo */; };
		D04076622B8B5E2F00C0EC1F /* SeekPlusAPI in Frameworks */ = {isa = PBXBuildFile; productRef = D04076612B8B5E2F00C0EC1F /* SeekPlusAPI */; };
		D04076652B8B5F0C00C0EC1F /* Network.swift in Sources */ = {isa = PBXBuildFile; fileRef = D04076642B8B5F0C00C0EC1F /* Network.swift */; };
		D040766A2B8B73D600C0EC1F /* KeychainHelper.swift in Sources */ = {isa = PBXBuildFile; fileRef = D04076692B8B73D600C0EC1F /* KeychainHelper.swift */; };
		D040766C2B8B742800C0EC1F /* TokenInterceptor.swift in Sources */ = {isa = PBXBuildFile; fileRef = D040766B2B8B742800C0EC1F /* TokenInterceptor.swift */; };
		D040766E2B8B74E900C0EC1F /* NetworkInterceptorProvider.swift in Sources */ = {isa = PBXBuildFile; fileRef = D040766D2B8B74E900C0EC1F /* NetworkInterceptorProvider.swift */; };
		D04076702B8B977D00C0EC1F /* HomeViewModel.swift in Sources */ = {isa = PBXBuildFile; fileRef = D040766F2B8B977D00C0EC1F /* HomeViewModel.swift */; };
		D04076722B8B99BD00C0EC1F /* HomeInteractorContract.swift in Sources */ = {isa = PBXBuildFile; fileRef = D04076712B8B99BD00C0EC1F /* HomeInteractorContract.swift */; };
		D04076752B8B9D9000C0EC1F /* JobApiModel.swift in Sources */ = {isa = PBXBuildFile; fileRef = D04076742B8B9D9000C0EC1F /* JobApiModel.swift */; };
		D04076772B8B9E6A00C0EC1F /* HomeServiceContract.swift in Sources */ = {isa = PBXBuildFile; fileRef = D04076762B8B9E6A00C0EC1F /* HomeServiceContract.swift */; };
		D040767A2B8B9EFA00C0EC1F /* HomeAssembly.swift in Sources */ = {isa = PBXBuildFile; fileRef = D04076792B8B9EFA00C0EC1F /* HomeAssembly.swift */; };
		D040767C2B8BA3A500C0EC1F /* HomeService.swift in Sources */ = {isa = PBXBuildFile; fileRef = D040767B2B8BA3A500C0EC1F /* HomeService.swift */; };
		D040767F2B8BA58700C0EC1F /* ActiveJobListApiModel.swift in Sources */ = {isa = PBXBuildFile; fileRef = D040767E2B8BA58600C0EC1F /* ActiveJobListApiModel.swift */; };
		D04076812B8BBCB900C0EC1F /* HomeInteractor.swift in Sources */ = {isa = PBXBuildFile; fileRef = D04076802B8BBCB900C0EC1F /* HomeInteractor.swift */; };
		D04076842B8BBEBE00C0EC1F /* SwinjectAutoregistration in Frameworks */ = {isa = PBXBuildFile; productRef = D04076832B8BBEBE00C0EC1F /* SwinjectAutoregistration */; };
		D04076862B8BBEBE00C0EC1F /* SwinjectAutoregistration-Dynamic in Frameworks */ = {isa = PBXBuildFile; productRef = D04076852B8BBEBE00C0EC1F /* SwinjectAutoregistration-Dynamic */; };
		D04076882B8BC51700C0EC1F /* AppDelegate.swift in Sources */ = {isa = PBXBuildFile; fileRef = D04076872B8BC51700C0EC1F /* AppDelegate.swift */; };
		D040768F2B8BFBFB00C0EC1F /* TextFieldAttributes.swift in Sources */ = {isa = PBXBuildFile; fileRef = D040768E2B8BFBFB00C0EC1F /* TextFieldAttributes.swift */; };
		D04076932B8C03F100C0EC1F /* AppliedJobsViewModelContract.swift in Sources */ = {isa = PBXBuildFile; fileRef = D04076922B8C03F100C0EC1F /* AppliedJobsViewModelContract.swift */; };
		D04076952B8C044000C0EC1F /* AppliedJobsViewModel.swift in Sources */ = {isa = PBXBuildFile; fileRef = D04076942B8C044000C0EC1F /* AppliedJobsViewModel.swift */; };
		D04076982B8C06F400C0EC1F /* AppliedJobsAssembly.swift in Sources */ = {isa = PBXBuildFile; fileRef = D04076972B8C06F400C0EC1F /* AppliedJobsAssembly.swift */; };
		D07EC8232B8C4DED003CA4B6 /* JobDetailsAssembly.swift in Sources */ = {isa = PBXBuildFile; fileRef = D07EC8222B8C4DED003CA4B6 /* JobDetailsAssembly.swift */; };
		D0801AD02B8C16C900DE955A /* LoginViewModel.swift in Sources */ = {isa = PBXBuildFile; fileRef = D0801ACF2B8C16C900DE955A /* LoginViewModel.swift */; };
		D0801AD22B8C16F000DE955A /* LoginViewModelContract.swift in Sources */ = {isa = PBXBuildFile; fileRef = D0801AD12B8C16F000DE955A /* LoginViewModelContract.swift */; };
		D0801AD42B8C172300DE955A /* LoginInteractorContract.swift in Sources */ = {isa = PBXBuildFile; fileRef = D0801AD32B8C172300DE955A /* LoginInteractorContract.swift */; };
		D0801AD72B8C17B000DE955A /* LoginServiceContract.swift in Sources */ = {isa = PBXBuildFile; fileRef = D0801AD62B8C17B000DE955A /* LoginServiceContract.swift */; };
		D0801AD92B8C17F100DE955A /* LoginInteractor.swift in Sources */ = {isa = PBXBuildFile; fileRef = D0801AD82B8C17F100DE955A /* LoginInteractor.swift */; };
		D0801ADB2B8C184000DE955A /* LoginService.swift in Sources */ = {isa = PBXBuildFile; fileRef = D0801ADA2B8C184000DE955A /* LoginService.swift */; };
		D0801ADD2B8C18B100DE955A /* mutations.graphql in Resources */ = {isa = PBXBuildFile; fileRef = D0801ADC2B8C18B100DE955A /* mutations.graphql */; };
		D0801AE02B8C193800DE955A /* AuthApiModel.swift in Sources */ = {isa = PBXBuildFile; fileRef = D0801ADF2B8C193800DE955A /* AuthApiModel.swift */; };
		D0801AE22B8C232C00DE955A /* LoginAssembly.swift in Sources */ = {isa = PBXBuildFile; fileRef = D0801AE12B8C232C00DE955A /* LoginAssembly.swift */; };
		D0801AE42B8C3D4500DE955A /* AuthKeys.swift in Sources */ = {isa = PBXBuildFile; fileRef = D0801AE32B8C3D4500DE955A /* AuthKeys.swift */; };
		D0801AE62B8C3E8800DE955A /* ApplyJobInteractor.swift in Sources */ = {isa = PBXBuildFile; fileRef = D0801AE52B8C3E8800DE955A /* ApplyJobInteractor.swift */; };
		D0801AE82B8C3E9700DE955A /* ApplyJobInteractorContract.swift in Sources */ = {isa = PBXBuildFile; fileRef = D0801AE72B8C3E9700DE955A /* ApplyJobInteractorContract.swift */; };
		D0801AEB2B8C3EDB00DE955A /* ApplyJobApiModel.swift in Sources */ = {isa = PBXBuildFile; fileRef = D0801AEA2B8C3EDB00DE955A /* ApplyJobApiModel.swift */; };
		D0801AED2B8C3F7900DE955A /* ApplyJobServiceContract.swift in Sources */ = {isa = PBXBuildFile; fileRef = D0801AEC2B8C3F7900DE955A /* ApplyJobServiceContract.swift */; };
		D0801AEF2B8C400700DE955A /* ApplyJobService.swift in Sources */ = {isa = PBXBuildFile; fileRef = D0801AEE2B8C400700DE955A /* ApplyJobService.swift */; };
		D0801AF42B8C42F800DE955A /* JobDetailsViewModelContract.swift in Sources */ = {isa = PBXBuildFile; fileRef = D0801AF32B8C42F800DE955A /* JobDetailsViewModelContract.swift */; };
		D0801AF62B8C434D00DE955A /* JobDetailsViewModel.swift in Sources */ = {isa = PBXBuildFile; fileRef = D0801AF52B8C434D00DE955A /* JobDetailsViewModel.swift */; };
		D0801AFA2B8C46D500DE955A /* JobDetailsInteractorContract.swift in Sources */ = {isa = PBXBuildFile; fileRef = D0801AF92B8C46D500DE955A /* JobDetailsInteractorContract.swift */; };
		D0801AFC2B8C473100DE955A /* JobDetailsServiceContract.swift in Sources */ = {isa = PBXBuildFile; fileRef = D0801AFB2B8C473100DE955A /* JobDetailsServiceContract.swift */; };
		D0801AFE2B8C475700DE955A /* JobDetailsService.swift in Sources */ = {isa = PBXBuildFile; fileRef = D0801AFD2B8C475700DE955A /* JobDetailsService.swift */; };
		D0801B002B8C484E00DE955A /* JobDetailsInteractor.swift in Sources */ = {isa = PBXBuildFile; fileRef = D0801AFF2B8C484E00DE955A /* JobDetailsInteractor.swift */; };
		D0C8B8A72B96F2F7009DF37A /* ActivityIndicatorView.swift in Sources */ = {isa = PBXBuildFile; fileRef = D0C8B8A62B96F2F7009DF37A /* ActivityIndicatorView.swift */; };
		D0C8B8AA2B97172E009DF37A /* ActivityIndicatorEvent.swift in Sources */ = {isa = PBXBuildFile; fileRef = D0C8B8A92B97172E009DF37A /* ActivityIndicatorEvent.swift */; };
/* End PBXBuildFile section */

/* Begin PBXContainerItemProxy section */
		D04075D42B85DAC300C0EC1F /* PBXContainerItemProxy */ = {
			isa = PBXContainerItemProxy;
			containerPortal = D04075BB2B85DAC200C0EC1F /* Project object */;
			proxyType = 1;
			remoteGlobalIDString = D04075C22B85DAC200C0EC1F;
			remoteInfo = SeekPlus;
		};
		D04075DE2B85DAC300C0EC1F /* PBXContainerItemProxy */ = {
			isa = PBXContainerItemProxy;
			containerPortal = D04075BB2B85DAC200C0EC1F /* Project object */;
			proxyType = 1;
			remoteGlobalIDString = D04075C22B85DAC200C0EC1F;
			remoteInfo = SeekPlus;
		};
/* End PBXContainerItemProxy section */

/* Begin PBXFileReference section */
		D04075C32B85DAC200C0EC1F /* SeekPlus.app */ = {isa = PBXFileReference; explicitFileType = wrapper.application; includeInIndex = 0; path = SeekPlus.app; sourceTree = BUILT_PRODUCTS_DIR; };
		D04075C62B85DAC200C0EC1F /* SeekPlusApp.swift */ = {isa = PBXFileReference; lastKnownFileType = sourcecode.swift; path = SeekPlusApp.swift; sourceTree = "<group>"; };
		D04075C82B85DAC200C0EC1F /* ContentView.swift */ = {isa = PBXFileReference; lastKnownFileType = sourcecode.swift; path = ContentView.swift; sourceTree = "<group>"; };
		D04075CA2B85DAC300C0EC1F /* Assets.xcassets */ = {isa = PBXFileReference; lastKnownFileType = folder.assetcatalog; path = Assets.xcassets; sourceTree = "<group>"; };
		D04075CD2B85DAC300C0EC1F /* Preview Assets.xcassets */ = {isa = PBXFileReference; lastKnownFileType = folder.assetcatalog; path = "Preview Assets.xcassets"; sourceTree = "<group>"; };
		D04075D32B85DAC300C0EC1F /* SeekPlusTests.xctest */ = {isa = PBXFileReference; explicitFileType = wrapper.cfbundle; includeInIndex = 0; path = SeekPlusTests.xctest; sourceTree = BUILT_PRODUCTS_DIR; };
		D04075D72B85DAC300C0EC1F /* SeekPlusTests.swift */ = {isa = PBXFileReference; lastKnownFileType = sourcecode.swift; path = SeekPlusTests.swift; sourceTree = "<group>"; };
		D04075DD2B85DAC300C0EC1F /* SeekPlusUITests.xctest */ = {isa = PBXFileReference; explicitFileType = wrapper.cfbundle; includeInIndex = 0; path = SeekPlusUITests.xctest; sourceTree = BUILT_PRODUCTS_DIR; };
		D04075E12B85DAC300C0EC1F /* SeekPlusUITests.swift */ = {isa = PBXFileReference; lastKnownFileType = sourcecode.swift; path = SeekPlusUITests.swift; sourceTree = "<group>"; };
		D04075E32B85DAC300C0EC1F /* SeekPlusUITestsLaunchTests.swift */ = {isa = PBXFileReference; lastKnownFileType = sourcecode.swift; path = SeekPlusUITestsLaunchTests.swift; sourceTree = "<group>"; };
		D04076042B86DDDB00C0EC1F /* TabBarView.swift */ = {isa = PBXFileReference; lastKnownFileType = sourcecode.swift; path = TabBarView.swift; sourceTree = "<group>"; };
		D04076072B86DE2900C0EC1F /* HomeView.swift */ = {isa = PBXFileReference; lastKnownFileType = sourcecode.swift; path = HomeView.swift; sourceTree = "<group>"; };
		D040760B2B86E09300C0EC1F /* ConfigurableImageStyle.swift */ = {isa = PBXFileReference; lastKnownFileType = sourcecode.swift; path = ConfigurableImageStyle.swift; sourceTree = "<group>"; };
		D040760E2B86E1C900C0EC1F /* ImageAttributes.swift */ = {isa = PBXFileReference; lastKnownFileType = sourcecode.swift; path = ImageAttributes.swift; sourceTree = "<group>"; };
		D04076112B86E58400C0EC1F /* AppColor.swift */ = {isa = PBXFileReference; lastKnownFileType = sourcecode.swift; path = AppColor.swift; sourceTree = "<group>"; };
		D04076132B86F44400C0EC1F /* AppliedJobsView.swift */ = {isa = PBXFileReference; lastKnownFileType = sourcecode.swift; path = AppliedJobsView.swift; sourceTree = "<group>"; };
		D04076152B86F46500C0EC1F /* ProfileView.swift */ = {isa = PBXFileReference; lastKnownFileType = sourcecode.swift; path = ProfileView.swift; sourceTree = "<group>"; };
		D04076182B8703AC00C0EC1F /* TextAttributes.swift */ = {isa = PBXFileReference; lastKnownFileType = sourcecode.swift; path = TextAttributes.swift; sourceTree = "<group>"; };
		D040761A2B8707D100C0EC1F /* ConfigurableTextStyle.swift */ = {isa = PBXFileReference; lastKnownFileType = sourcecode.swift; path = ConfigurableTextStyle.swift; sourceTree = "<group>"; };
		D040761C2B870C3B00C0EC1F /* TabBarItem.swift */ = {isa = PBXFileReference; lastKnownFileType = sourcecode.swift; path = TabBarItem.swift; sourceTree = "<group>"; };
		D040761E2B8713DB00C0EC1F /* LoginView.swift */ = {isa = PBXFileReference; lastKnownFileType = sourcecode.swift; path = LoginView.swift; sourceTree = "<group>"; };
		D04076212B87202000C0EC1F /* Margin.swift */ = {isa = PBXFileReference; lastKnownFileType = sourcecode.swift; path = Margin.swift; sourceTree = "<group>"; };
		D04076242B873D4000C0EC1F /* DefaultTextFieldStyle.swift */ = {isa = PBXFileReference; lastKnownFileType = sourcecode.swift; path = DefaultTextFieldStyle.swift; sourceTree = "<group>"; };
		D04076262B8764A100C0EC1F /* LoginField.swift */ = {isa = PBXFileReference; lastKnownFileType = sourcecode.swift; path = LoginField.swift; sourceTree = "<group>"; };
		D04076292B87683D00C0EC1F /* ConfigurableButtonStyle.swift */ = {isa = PBXFileReference; lastKnownFileType = sourcecode.swift; path = ConfigurableButtonStyle.swift; sourceTree = "<group>"; };
		D040762B2B87689100C0EC1F /* ButtonAttributes.swift */ = {isa = PBXFileReference; lastKnownFileType = sourcecode.swift; path = ButtonAttributes.swift; sourceTree = "<group>"; };
		D040762F2B87818F00C0EC1F /* JobCardView.swift */ = {isa = PBXFileReference; lastKnownFileType = sourcecode.swift; path = JobCardView.swift; sourceTree = "<group>"; };
		D04076312B87889B00C0EC1F /* JobCardContent.swift */ = {isa = PBXFileReference; lastKnownFileType = sourcecode.swift; path = JobCardContent.swift; sourceTree = "<group>"; };
		D04076342B87AC2A00C0EC1F /* ConfigurableBackgroundView.swift */ = {isa = PBXFileReference; lastKnownFileType = sourcecode.swift; path = ConfigurableBackgroundView.swift; sourceTree = "<group>"; };
		D04076362B87AFFA00C0EC1F /* BackgroundAttributes.swift */ = {isa = PBXFileReference; lastKnownFileType = sourcecode.swift; path = BackgroundAttributes.swift; sourceTree = "<group>"; };
		D04076382B87B09100C0EC1F /* CornerRadius.swift */ = {isa = PBXFileReference; lastKnownFileType = sourcecode.swift; path = CornerRadius.swift; sourceTree = "<group>"; };
		D040763A2B87B93800C0EC1F /* ImageSize.swift */ = {isa = PBXFileReference; lastKnownFileType = sourcecode.swift; path = ImageSize.swift; sourceTree = "<group>"; };
		D040763D2B87C2A500C0EC1F /* JobDetailsView.swift */ = {isa = PBXFileReference; lastKnownFileType = sourcecode.swift; path = JobDetailsView.swift; sourceTree = "<group>"; };
		D040763F2B87C53300C0EC1F /* JobDetailsContent.swift */ = {isa = PBXFileReference; lastKnownFileType = sourcecode.swift; path = JobDetailsContent.swift; sourceTree = "<group>"; };
		D04076422B89A63100C0EC1F /* HomeViewModelContract.swift */ = {isa = PBXFileReference; lastKnownFileType = sourcecode.swift; path = HomeViewModelContract.swift; sourceTree = "<group>"; };
		D040765D2B8B5CE300C0EC1F /* schema.graphqls */ = {isa = PBXFileReference; fileEncoding = 4; lastKnownFileType = text; path = schema.graphqls; sourceTree = "<group>"; };
		D040765F2B8B5D2400C0EC1F /* queries.graphql */ = {isa = PBXFileReference; lastKnownFileType = text; path = queries.graphql; sourceTree = "<group>"; };
		D04076642B8B5F0C00C0EC1F /* Network.swift */ = {isa = PBXFileReference; lastKnownFileType = sourcecode.swift; path = Network.swift; sourceTree = "<group>"; };
		D04076692B8B73D600C0EC1F /* KeychainHelper.swift */ = {isa = PBXFileReference; lastKnownFileType = sourcecode.swift; path = KeychainHelper.swift; sourceTree = "<group>"; };
		D040766B2B8B742800C0EC1F /* TokenInterceptor.swift */ = {isa = PBXFileReference; lastKnownFileType = sourcecode.swift; path = TokenInterceptor.swift; sourceTree = "<group>"; };
		D040766D2B8B74E900C0EC1F /* NetworkInterceptorProvider.swift */ = {isa = PBXFileReference; lastKnownFileType = sourcecode.swift; path = NetworkInterceptorProvider.swift; sourceTree = "<group>"; };
		D040766F2B8B977D00C0EC1F /* HomeViewModel.swift */ = {isa = PBXFileReference; lastKnownFileType = sourcecode.swift; path = HomeViewModel.swift; sourceTree = "<group>"; };
		D04076712B8B99BD00C0EC1F /* HomeInteractorContract.swift */ = {isa = PBXFileReference; lastKnownFileType = sourcecode.swift; path = HomeInteractorContract.swift; sourceTree = "<group>"; };
		D04076742B8B9D9000C0EC1F /* JobApiModel.swift */ = {isa = PBXFileReference; lastKnownFileType = sourcecode.swift; path = JobApiModel.swift; sourceTree = "<group>"; };
		D04076762B8B9E6A00C0EC1F /* HomeServiceContract.swift */ = {isa = PBXFileReference; lastKnownFileType = sourcecode.swift; path = HomeServiceContract.swift; sourceTree = "<group>"; };
		D04076792B8B9EFA00C0EC1F /* HomeAssembly.swift */ = {isa = PBXFileReference; lastKnownFileType = sourcecode.swift; path = HomeAssembly.swift; sourceTree = "<group>"; };
		D040767B2B8BA3A500C0EC1F /* HomeService.swift */ = {isa = PBXFileReference; lastKnownFileType = sourcecode.swift; path = HomeService.swift; sourceTree = "<group>"; };
		D040767E2B8BA58600C0EC1F /* ActiveJobListApiModel.swift */ = {isa = PBXFileReference; lastKnownFileType = sourcecode.swift; path = ActiveJobListApiModel.swift; sourceTree = "<group>"; };
		D04076802B8BBCB900C0EC1F /* HomeInteractor.swift */ = {isa = PBXFileReference; lastKnownFileType = sourcecode.swift; path = HomeInteractor.swift; sourceTree = "<group>"; };
		D04076872B8BC51700C0EC1F /* AppDelegate.swift */ = {isa = PBXFileReference; lastKnownFileType = sourcecode.swift; path = AppDelegate.swift; sourceTree = "<group>"; };
		D040768E2B8BFBFB00C0EC1F /* TextFieldAttributes.swift */ = {isa = PBXFileReference; lastKnownFileType = sourcecode.swift; path = TextFieldAttributes.swift; sourceTree = "<group>"; };
		D04076922B8C03F100C0EC1F /* AppliedJobsViewModelContract.swift */ = {isa = PBXFileReference; lastKnownFileType = sourcecode.swift; path = AppliedJobsViewModelContract.swift; sourceTree = "<group>"; };
		D04076942B8C044000C0EC1F /* AppliedJobsViewModel.swift */ = {isa = PBXFileReference; lastKnownFileType = sourcecode.swift; path = AppliedJobsViewModel.swift; sourceTree = "<group>"; };
		D04076972B8C06F400C0EC1F /* AppliedJobsAssembly.swift */ = {isa = PBXFileReference; lastKnownFileType = sourcecode.swift; path = AppliedJobsAssembly.swift; sourceTree = "<group>"; };
		D07EC8222B8C4DED003CA4B6 /* JobDetailsAssembly.swift */ = {isa = PBXFileReference; lastKnownFileType = sourcecode.swift; path = JobDetailsAssembly.swift; sourceTree = "<group>"; };
		D0801ACF2B8C16C900DE955A /* LoginViewModel.swift */ = {isa = PBXFileReference; lastKnownFileType = sourcecode.swift; path = LoginViewModel.swift; sourceTree = "<group>"; };
		D0801AD12B8C16F000DE955A /* LoginViewModelContract.swift */ = {isa = PBXFileReference; lastKnownFileType = sourcecode.swift; path = LoginViewModelContract.swift; sourceTree = "<group>"; };
		D0801AD32B8C172300DE955A /* LoginInteractorContract.swift */ = {isa = PBXFileReference; lastKnownFileType = sourcecode.swift; path = LoginInteractorContract.swift; sourceTree = "<group>"; };
		D0801AD62B8C17B000DE955A /* LoginServiceContract.swift */ = {isa = PBXFileReference; lastKnownFileType = sourcecode.swift; path = LoginServiceContract.swift; sourceTree = "<group>"; };
		D0801AD82B8C17F100DE955A /* LoginInteractor.swift */ = {isa = PBXFileReference; lastKnownFileType = sourcecode.swift; path = LoginInteractor.swift; sourceTree = "<group>"; };
		D0801ADA2B8C184000DE955A /* LoginService.swift */ = {isa = PBXFileReference; lastKnownFileType = sourcecode.swift; path = LoginService.swift; sourceTree = "<group>"; };
		D0801ADC2B8C18B100DE955A /* mutations.graphql */ = {isa = PBXFileReference; lastKnownFileType = text; path = mutations.graphql; sourceTree = "<group>"; };
		D0801ADF2B8C193800DE955A /* AuthApiModel.swift */ = {isa = PBXFileReference; lastKnownFileType = sourcecode.swift; path = AuthApiModel.swift; sourceTree = "<group>"; };
		D0801AE12B8C232C00DE955A /* LoginAssembly.swift */ = {isa = PBXFileReference; lastKnownFileType = sourcecode.swift; path = LoginAssembly.swift; sourceTree = "<group>"; };
		D0801AE32B8C3D4500DE955A /* AuthKeys.swift */ = {isa = PBXFileReference; lastKnownFileType = sourcecode.swift; path = AuthKeys.swift; sourceTree = "<group>"; };
		D0801AE52B8C3E8800DE955A /* ApplyJobInteractor.swift */ = {isa = PBXFileReference; lastKnownFileType = sourcecode.swift; path = ApplyJobInteractor.swift; sourceTree = "<group>"; };
		D0801AE72B8C3E9700DE955A /* ApplyJobInteractorContract.swift */ = {isa = PBXFileReference; lastKnownFileType = sourcecode.swift; path = ApplyJobInteractorContract.swift; sourceTree = "<group>"; };
		D0801AEA2B8C3EDB00DE955A /* ApplyJobApiModel.swift */ = {isa = PBXFileReference; lastKnownFileType = sourcecode.swift; path = ApplyJobApiModel.swift; sourceTree = "<group>"; };
		D0801AEC2B8C3F7900DE955A /* ApplyJobServiceContract.swift */ = {isa = PBXFileReference; lastKnownFileType = sourcecode.swift; path = ApplyJobServiceContract.swift; sourceTree = "<group>"; };
		D0801AEE2B8C400700DE955A /* ApplyJobService.swift */ = {isa = PBXFileReference; lastKnownFileType = sourcecode.swift; path = ApplyJobService.swift; sourceTree = "<group>"; };
		D0801AF32B8C42F800DE955A /* JobDetailsViewModelContract.swift */ = {isa = PBXFileReference; lastKnownFileType = sourcecode.swift; name = JobDetailsViewModelContract.swift; path = SeekPlus/Features/AppliedJobs/Data/JobDetailsViewModelContract.swift; sourceTree = SOURCE_ROOT; };
		D0801AF52B8C434D00DE955A /* JobDetailsViewModel.swift */ = {isa = PBXFileReference; lastKnownFileType = sourcecode.swift; path = JobDetailsViewModel.swift; sourceTree = "<group>"; };
		D0801AF92B8C46D500DE955A /* JobDetailsInteractorContract.swift */ = {isa = PBXFileReference; lastKnownFileType = sourcecode.swift; path = JobDetailsInteractorContract.swift; sourceTree = "<group>"; };
		D0801AFB2B8C473100DE955A /* JobDetailsServiceContract.swift */ = {isa = PBXFileReference; lastKnownFileType = sourcecode.swift; path = JobDetailsServiceContract.swift; sourceTree = "<group>"; };
		D0801AFD2B8C475700DE955A /* JobDetailsService.swift */ = {isa = PBXFileReference; lastKnownFileType = sourcecode.swift; path = JobDetailsService.swift; sourceTree = "<group>"; };
		D0801AFF2B8C484E00DE955A /* JobDetailsInteractor.swift */ = {isa = PBXFileReference; lastKnownFileType = sourcecode.swift; path = JobDetailsInteractor.swift; sourceTree = "<group>"; };
		D0C8B8A62B96F2F7009DF37A /* ActivityIndicatorView.swift */ = {isa = PBXFileReference; lastKnownFileType = sourcecode.swift; path = ActivityIndicatorView.swift; sourceTree = "<group>"; };
		D0C8B8A92B97172E009DF37A /* ActivityIndicatorEvent.swift */ = {isa = PBXFileReference; lastKnownFileType = sourcecode.swift; path = ActivityIndicatorEvent.swift; sourceTree = "<group>"; };
/* End PBXFileReference section */

/* Begin PBXFrameworksBuildPhase section */
		D04075C02B85DAC200C0EC1F /* Frameworks */ = {
			isa = PBXFrameworksBuildPhase;
			buildActionMask = 2147483647;
			files = (
				D04076492B8ADED600C0EC1F /* Swinject in Frameworks */,
				D04076622B8B5E2F00C0EC1F /* SeekPlusAPI in Frameworks */,
				D04076842B8BBEBE00C0EC1F /* SwinjectAutoregistration in Frameworks */,
				D04076562B8B37BB00C0EC1F /* Apollo in Frameworks */,
				D04076862B8BBEBE00C0EC1F /* SwinjectAutoregistration-Dynamic in Frameworks */,
				D040764B2B8ADED600C0EC1F /* Swinject-Dynamic in Frameworks */,
			);
			runOnlyForDeploymentPostprocessing = 0;
		};
		D04075D02B85DAC300C0EC1F /* Frameworks */ = {
			isa = PBXFrameworksBuildPhase;
			buildActionMask = 2147483647;
			files = (
			);
			runOnlyForDeploymentPostprocessing = 0;
		};
		D04075DA2B85DAC300C0EC1F /* Frameworks */ = {
			isa = PBXFrameworksBuildPhase;
			buildActionMask = 2147483647;
			files = (
			);
			runOnlyForDeploymentPostprocessing = 0;
		};
/* End PBXFrameworksBuildPhase section */

/* Begin PBXGroup section */
		D04075BA2B85DAC200C0EC1F = {
			isa = PBXGroup;
			children = (
				D040765C2B8B5CE300C0EC1F /* Graphql */,
				D04075C52B85DAC200C0EC1F /* SeekPlus */,
				D04075D62B85DAC300C0EC1F /* SeekPlusTests */,
				D04075E02B85DAC300C0EC1F /* SeekPlusUITests */,
				D04075C42B85DAC200C0EC1F /* Products */,
				D04076632B8B5E6C00C0EC1F /* Frameworks */,
			);
			sourceTree = "<group>";
		};
		D04075C42B85DAC200C0EC1F /* Products */ = {
			isa = PBXGroup;
			children = (
				D04075C32B85DAC200C0EC1F /* SeekPlus.app */,
				D04075D32B85DAC300C0EC1F /* SeekPlusTests.xctest */,
				D04075DD2B85DAC300C0EC1F /* SeekPlusUITests.xctest */,
			);
			name = Products;
			sourceTree = "<group>";
		};
		D04075C52B85DAC200C0EC1F /* SeekPlus */ = {
			isa = PBXGroup;
			children = (
				D04076662B8B627900C0EC1F /* NetworkService */,
				D04075F02B85F44200C0EC1F /* Features */,
				D04076092B86DFEA00C0EC1F /* UIDesign */,
				D04076872B8BC51700C0EC1F /* AppDelegate.swift */,
				D04075C62B85DAC200C0EC1F /* SeekPlusApp.swift */,
				D04075C82B85DAC200C0EC1F /* ContentView.swift */,
				D04075CA2B85DAC300C0EC1F /* Assets.xcassets */,
				D04075CC2B85DAC300C0EC1F /* Preview Content */,
			);
			path = SeekPlus;
			sourceTree = "<group>";
		};
		D04075CC2B85DAC300C0EC1F /* Preview Content */ = {
			isa = PBXGroup;
			children = (
				D04075CD2B85DAC300C0EC1F /* Preview Assets.xcassets */,
			);
			path = "Preview Content";
			sourceTree = "<group>";
		};
		D04075D62B85DAC300C0EC1F /* SeekPlusTests */ = {
			isa = PBXGroup;
			children = (
				D04075D72B85DAC300C0EC1F /* SeekPlusTests.swift */,
			);
			path = SeekPlusTests;
			sourceTree = "<group>";
		};
		D04075E02B85DAC300C0EC1F /* SeekPlusUITests */ = {
			isa = PBXGroup;
			children = (
				D04075E12B85DAC300C0EC1F /* SeekPlusUITests.swift */,
				D04075E32B85DAC300C0EC1F /* SeekPlusUITestsLaunchTests.swift */,
			);
			path = SeekPlusUITests;
			sourceTree = "<group>";
		};
		D04075F02B85F44200C0EC1F /* Features */ = {
			isa = PBXGroup;
			children = (
				D0C8B8A82B97171B009DF37A /* DataModel */,
				D04075FF2B85F68500C0EC1F /* Login */,
				D04075FD2B85F51800C0EC1F /* TabBar */,
				D04075F12B85F45300C0EC1F /* Home */,
				D04075F32B85F46400C0EC1F /* AppliedJobs */,
				D040763C2B87C23B00C0EC1F /* JobDetails */,
				D04075F22B85F45800C0EC1F /* Profile */,
			);
			path = Features;
			sourceTree = "<group>";
		};
		D04075F12B85F45300C0EC1F /* Home */ = {
			isa = PBXGroup;
			children = (
				D04076782B8B9EED00C0EC1F /* DI */,
				D04075F42B85F47000C0EC1F /* UI */,
				D04075F52B85F48600C0EC1F /* Domain */,
				D04075F62B85F4C600C0EC1F /* Data */,
			);
			path = Home;
			sourceTree = "<group>";
		};
		D04075F22B85F45800C0EC1F /* Profile */ = {
			isa = PBXGroup;
			children = (
				D04075FC2B85F50100C0EC1F /* UI */,
				D04075FB2B85F4F400C0EC1F /* Domain */,
				D04075FA2B85F4EE00C0EC1F /* Data */,
			);
			path = Profile;
			sourceTree = "<group>";
		};
		D04075F32B85F46400C0EC1F /* AppliedJobs */ = {
			isa = PBXGroup;
			children = (
				D04076962B8C06E600C0EC1F /* DI */,
				D04075F92B85F4E300C0EC1F /* UI */,
				D04075F82B85F4DD00C0EC1F /* Domain */,
				D04075F72B85F4D400C0EC1F /* Data */,
			);
			path = AppliedJobs;
			sourceTree = "<group>";
		};
		D04075F42B85F47000C0EC1F /* UI */ = {
			isa = PBXGroup;
			children = (
				D04076062B86DE1A00C0EC1F /* View */,
				D04076412B89A37100C0EC1F /* ViewModel */,
			);
			path = UI;
			sourceTree = "<group>";
		};
		D04075F52B85F48600C0EC1F /* Domain */ = {
			isa = PBXGroup;
			children = (
				D04076732B8B9A3200C0EC1F /* DataModel */,
				D04076712B8B99BD00C0EC1F /* HomeInteractorContract.swift */,
				D04076802B8BBCB900C0EC1F /* HomeInteractor.swift */,
			);
			path = Domain;
			sourceTree = "<group>";
		};
		D04075F62B85F4C600C0EC1F /* Data */ = {
			isa = PBXGroup;
			children = (
				D040767D2B8BA57100C0EC1F /* DataModel */,
				D04076762B8B9E6A00C0EC1F /* HomeServiceContract.swift */,
				D040767B2B8BA3A500C0EC1F /* HomeService.swift */,
			);
			path = Data;
			sourceTree = "<group>";
		};
		D04075F72B85F4D400C0EC1F /* Data */ = {
			isa = PBXGroup;
			children = (
			);
			path = Data;
			sourceTree = "<group>";
		};
		D04075F82B85F4DD00C0EC1F /* Domain */ = {
			isa = PBXGroup;
			children = (
			);
			path = Domain;
			sourceTree = "<group>";
		};
		D04075F92B85F4E300C0EC1F /* UI */ = {
			isa = PBXGroup;
			children = (
				D04076902B8C03CE00C0EC1F /* View */,
				D04076912B8C03D800C0EC1F /* ViewModel */,
			);
			path = UI;
			sourceTree = "<group>";
		};
		D04075FA2B85F4EE00C0EC1F /* Data */ = {
			isa = PBXGroup;
			children = (
			);
			path = Data;
			sourceTree = "<group>";
		};
		D04075FB2B85F4F400C0EC1F /* Domain */ = {
			isa = PBXGroup;
			children = (
			);
			path = Domain;
			sourceTree = "<group>";
		};
		D04075FC2B85F50100C0EC1F /* UI */ = {
			isa = PBXGroup;
			children = (
				D04076152B86F46500C0EC1F /* ProfileView.swift */,
			);
			path = UI;
			sourceTree = "<group>";
		};
		D04075FD2B85F51800C0EC1F /* TabBar */ = {
			isa = PBXGroup;
			children = (
				D04075FE2B85F52700C0EC1F /* UI */,
			);
			path = TabBar;
			sourceTree = "<group>";
		};
		D04075FE2B85F52700C0EC1F /* UI */ = {
			isa = PBXGroup;
			children = (
				D04076032B86DDC400C0EC1F /* View */,
			);
			path = UI;
			sourceTree = "<group>";
		};
		D04075FF2B85F68500C0EC1F /* Login */ = {
			isa = PBXGroup;
			children = (
				D0801AD52B8C179E00DE955A /* DI */,
				D04076002B85F68C00C0EC1F /* UI */,
				D04076022B85F69800C0EC1F /* Domain */,
				D04076012B85F69100C0EC1F /* Data */,
			);
			path = Login;
			sourceTree = "<group>";
		};
		D04076002B85F68C00C0EC1F /* UI */ = {
			isa = PBXGroup;
			children = (
				D040762D2B8773FB00C0EC1F /* DataModel */,
				D0801ACD2B8C16A400DE955A /* View */,
				D0801ACE2B8C16B000DE955A /* ViewModel */,
			);
			path = UI;
			sourceTree = "<group>";
		};
		D04076012B85F69100C0EC1F /* Data */ = {
			isa = PBXGroup;
			children = (
				D0801ADE2B8C192200DE955A /* DataModel */,
				D0801AD62B8C17B000DE955A /* LoginServiceContract.swift */,
				D0801ADA2B8C184000DE955A /* LoginService.swift */,
			);
			path = Data;
			sourceTree = "<group>";
		};
		D04076022B85F69800C0EC1F /* Domain */ = {
			isa = PBXGroup;
			children = (
				D0801AD32B8C172300DE955A /* LoginInteractorContract.swift */,
				D0801AD82B8C17F100DE955A /* LoginInteractor.swift */,
			);
			path = Domain;
			sourceTree = "<group>";
		};
		D04076032B86DDC400C0EC1F /* View */ = {
			isa = PBXGroup;
			children = (
				D040761C2B870C3B00C0EC1F /* TabBarItem.swift */,
				D04076042B86DDDB00C0EC1F /* TabBarView.swift */,
			);
			path = View;
			sourceTree = "<group>";
		};
		D04076062B86DE1A00C0EC1F /* View */ = {
			isa = PBXGroup;
			children = (
				D04076072B86DE2900C0EC1F /* HomeView.swift */,
			);
			path = View;
			sourceTree = "<group>";
		};
		D04076092B86DFEA00C0EC1F /* UIDesign */ = {
			isa = PBXGroup;
			children = (
				D04076202B87200500C0EC1F /* Attributes */,
				D04076102B86E55C00C0EC1F /* ColorPalette */,
				D040760A2B86E01500C0EC1F /* Components */,
			);
			path = UIDesign;
			sourceTree = "<group>";
		};
		D040760A2B86E01500C0EC1F /* Components */ = {
			isa = PBXGroup;
			children = (
				D0C8B8A52B96F2D3009DF37A /* ActivityIndicatorView */,
				D040762E2B87817B00C0EC1F /* JobCardView */,
				D04076332B87ABEB00C0EC1F /* ConfigurableBackgroundView */,
				D04076172B87039200C0EC1F /* ConfigurableTextStyle */,
				D040760D2B86E10900C0EC1F /* ConfigurableImageStyle */,
				D04076282B87682100C0EC1F /* ConfigurableButtonStyle */,
				D04076232B873D0200C0EC1F /* CustomTextFieldStyle */,
			);
			path = Components;
			sourceTree = "<group>";
		};
		D040760D2B86E10900C0EC1F /* ConfigurableImageStyle */ = {
			isa = PBXGroup;
			children = (
				D040760B2B86E09300C0EC1F /* ConfigurableImageStyle.swift */,
				D040760E2B86E1C900C0EC1F /* ImageAttributes.swift */,
			);
			path = ConfigurableImageStyle;
			sourceTree = "<group>";
		};
		D04076102B86E55C00C0EC1F /* ColorPalette */ = {
			isa = PBXGroup;
			children = (
				D04076112B86E58400C0EC1F /* AppColor.swift */,
			);
			path = ColorPalette;
			sourceTree = "<group>";
		};
		D04076172B87039200C0EC1F /* ConfigurableTextStyle */ = {
			isa = PBXGroup;
			children = (
				D04076182B8703AC00C0EC1F /* TextAttributes.swift */,
				D040761A2B8707D100C0EC1F /* ConfigurableTextStyle.swift */,
			);
			path = ConfigurableTextStyle;
			sourceTree = "<group>";
		};
		D04076202B87200500C0EC1F /* Attributes */ = {
			isa = PBXGroup;
			children = (
				D04076212B87202000C0EC1F /* Margin.swift */,
				D04076382B87B09100C0EC1F /* CornerRadius.swift */,
				D040763A2B87B93800C0EC1F /* ImageSize.swift */,
			);
			path = Attributes;
			sourceTree = "<group>";
		};
		D04076232B873D0200C0EC1F /* CustomTextFieldStyle */ = {
			isa = PBXGroup;
			children = (
				D04076242B873D4000C0EC1F /* DefaultTextFieldStyle.swift */,
				D040768E2B8BFBFB00C0EC1F /* TextFieldAttributes.swift */,
			);
			path = CustomTextFieldStyle;
			sourceTree = "<group>";
		};
		D04076282B87682100C0EC1F /* ConfigurableButtonStyle */ = {
			isa = PBXGroup;
			children = (
				D04076292B87683D00C0EC1F /* ConfigurableButtonStyle.swift */,
				D040762B2B87689100C0EC1F /* ButtonAttributes.swift */,
			);
			path = ConfigurableButtonStyle;
			sourceTree = "<group>";
		};
		D040762D2B8773FB00C0EC1F /* DataModel */ = {
			isa = PBXGroup;
			children = (
				D04076262B8764A100C0EC1F /* LoginField.swift */,
				D0801AE32B8C3D4500DE955A /* AuthKeys.swift */,
			);
			path = DataModel;
			sourceTree = "<group>";
		};
		D040762E2B87817B00C0EC1F /* JobCardView */ = {
			isa = PBXGroup;
			children = (
				D040762F2B87818F00C0EC1F /* JobCardView.swift */,
				D04076312B87889B00C0EC1F /* JobCardContent.swift */,
			);
			path = JobCardView;
			sourceTree = "<group>";
		};
		D04076332B87ABEB00C0EC1F /* ConfigurableBackgroundView */ = {
			isa = PBXGroup;
			children = (
				D04076342B87AC2A00C0EC1F /* ConfigurableBackgroundView.swift */,
				D04076362B87AFFA00C0EC1F /* BackgroundAttributes.swift */,
			);
			path = ConfigurableBackgroundView;
			sourceTree = "<group>";
		};
		D040763C2B87C23B00C0EC1F /* JobDetails */ = {
			isa = PBXGroup;
			children = (
				D07EC8212B8C4DD8003CA4B6 /* DI */,
				D0801AF02B8C42C500DE955A /* UI */,
				D0801AF72B8C46B900DE955A /* Domain */,
				D0801AF82B8C46C100DE955A /* Data */,
			);
			path = JobDetails;
			sourceTree = "<group>";
		};
		D04076412B89A37100C0EC1F /* ViewModel */ = {
			isa = PBXGroup;
			children = (
				D04076422B89A63100C0EC1F /* HomeViewModelContract.swift */,
				D040766F2B8B977D00C0EC1F /* HomeViewModel.swift */,
			);
			path = ViewModel;
			sourceTree = "<group>";
		};
		D040765C2B8B5CE300C0EC1F /* Graphql */ = {
			isa = PBXGroup;
			children = (
				D040765D2B8B5CE300C0EC1F /* schema.graphqls */,
				D040765F2B8B5D2400C0EC1F /* queries.graphql */,
				D0801ADC2B8C18B100DE955A /* mutations.graphql */,
			);
			path = Graphql;
			sourceTree = "<group>";
		};
		D04076632B8B5E6C00C0EC1F /* Frameworks */ = {
			isa = PBXGroup;
			children = (
			);
			name = Frameworks;
			sourceTree = "<group>";
		};
		D04076662B8B627900C0EC1F /* NetworkService */ = {
			isa = PBXGroup;
			children = (
				D04076642B8B5F0C00C0EC1F /* Network.swift */,
				D04076692B8B73D600C0EC1F /* KeychainHelper.swift */,
				D040766B2B8B742800C0EC1F /* TokenInterceptor.swift */,
				D040766D2B8B74E900C0EC1F /* NetworkInterceptorProvider.swift */,
			);
			path = NetworkService;
			sourceTree = "<group>";
		};
		D04076732B8B9A3200C0EC1F /* DataModel */ = {
			isa = PBXGroup;
			children = (
				D04076742B8B9D9000C0EC1F /* JobApiModel.swift */,
			);
			path = DataModel;
			sourceTree = "<group>";
		};
		D04076782B8B9EED00C0EC1F /* DI */ = {
			isa = PBXGroup;
			children = (
				D04076792B8B9EFA00C0EC1F /* HomeAssembly.swift */,
			);
			path = DI;
			sourceTree = "<group>";
		};
		D040767D2B8BA57100C0EC1F /* DataModel */ = {
			isa = PBXGroup;
			children = (
				D040767E2B8BA58600C0EC1F /* ActiveJobListApiModel.swift */,
			);
			path = DataModel;
			sourceTree = "<group>";
		};
		D04076902B8C03CE00C0EC1F /* View */ = {
			isa = PBXGroup;
			children = (
				D04076132B86F44400C0EC1F /* AppliedJobsView.swift */,
			);
			path = View;
			sourceTree = "<group>";
		};
		D04076912B8C03D800C0EC1F /* ViewModel */ = {
			isa = PBXGroup;
			children = (
				D04076922B8C03F100C0EC1F /* AppliedJobsViewModelContract.swift */,
				D04076942B8C044000C0EC1F /* AppliedJobsViewModel.swift */,
			);
			path = ViewModel;
			sourceTree = "<group>";
		};
		D04076962B8C06E600C0EC1F /* DI */ = {
			isa = PBXGroup;
			children = (
				D04076972B8C06F400C0EC1F /* AppliedJobsAssembly.swift */,
			);
			path = DI;
			sourceTree = "<group>";
		};
		D07EC8212B8C4DD8003CA4B6 /* DI */ = {
			isa = PBXGroup;
			children = (
				D07EC8222B8C4DED003CA4B6 /* JobDetailsAssembly.swift */,
			);
			path = DI;
			sourceTree = "<group>";
		};
		D07EC8242B8C5045003CA4B6 /* JobDetails */ = {
			isa = PBXGroup;
			children = (
				D0801AF92B8C46D500DE955A /* JobDetailsInteractorContract.swift */,
				D0801AFF2B8C484E00DE955A /* JobDetailsInteractor.swift */,
			);
			path = JobDetails;
			sourceTree = "<group>";
		};
		D07EC8252B8C504D003CA4B6 /* ApplyJob */ = {
			isa = PBXGroup;
			children = (
				D0801AE72B8C3E9700DE955A /* ApplyJobInteractorContract.swift */,
				D0801AE52B8C3E8800DE955A /* ApplyJobInteractor.swift */,
			);
			path = ApplyJob;
			sourceTree = "<group>";
		};
		D07EC8262B8C505B003CA4B6 /* ApplyJob */ = {
			isa = PBXGroup;
			children = (
				D0801AE92B8C3ECD00DE955A /* DataModel */,
				D0801AEC2B8C3F7900DE955A /* ApplyJobServiceContract.swift */,
				D0801AEE2B8C400700DE955A /* ApplyJobService.swift */,
			);
			path = ApplyJob;
			sourceTree = "<group>";
		};
		D07EC8272B8C5065003CA4B6 /* JobDetails */ = {
			isa = PBXGroup;
			children = (
				D0801AFB2B8C473100DE955A /* JobDetailsServiceContract.swift */,
				D0801AFD2B8C475700DE955A /* JobDetailsService.swift */,
			);
			path = JobDetails;
			sourceTree = "<group>";
		};
		D0801ACD2B8C16A400DE955A /* View */ = {
			isa = PBXGroup;
			children = (
				D040761E2B8713DB00C0EC1F /* LoginView.swift */,
			);
			path = View;
			sourceTree = "<group>";
		};
		D0801ACE2B8C16B000DE955A /* ViewModel */ = {
			isa = PBXGroup;
			children = (
				D0801ACF2B8C16C900DE955A /* LoginViewModel.swift */,
				D0801AD12B8C16F000DE955A /* LoginViewModelContract.swift */,
			);
			path = ViewModel;
			sourceTree = "<group>";
		};
		D0801AD52B8C179E00DE955A /* DI */ = {
			isa = PBXGroup;
			children = (
				D0801AE12B8C232C00DE955A /* LoginAssembly.swift */,
			);
			path = DI;
			sourceTree = "<group>";
		};
		D0801ADE2B8C192200DE955A /* DataModel */ = {
			isa = PBXGroup;
			children = (
				D0801ADF2B8C193800DE955A /* AuthApiModel.swift */,
			);
			path = DataModel;
			sourceTree = "<group>";
		};
		D0801AE92B8C3ECD00DE955A /* DataModel */ = {
			isa = PBXGroup;
			children = (
				D0801AEA2B8C3EDB00DE955A /* ApplyJobApiModel.swift */,
			);
			path = DataModel;
			sourceTree = "<group>";
		};
		D0801AF02B8C42C500DE955A /* UI */ = {
			isa = PBXGroup;
			children = (
				D0801AF12B8C42CB00DE955A /* View */,
				D0801AF22B8C42D600DE955A /* ViewModel */,
			);
			path = UI;
			sourceTree = "<group>";
		};
		D0801AF12B8C42CB00DE955A /* View */ = {
			isa = PBXGroup;
			children = (
				D040763F2B87C53300C0EC1F /* JobDetailsContent.swift */,
				D040763D2B87C2A500C0EC1F /* JobDetailsView.swift */,
			);
			path = View;
			sourceTree = "<group>";
		};
		D0801AF22B8C42D600DE955A /* ViewModel */ = {
			isa = PBXGroup;
			children = (
				D0801AF32B8C42F800DE955A /* JobDetailsViewModelContract.swift */,
				D0801AF52B8C434D00DE955A /* JobDetailsViewModel.swift */,
			);
			path = ViewModel;
			sourceTree = "<group>";
		};
		D0801AF72B8C46B900DE955A /* Domain */ = {
			isa = PBXGroup;
			children = (
				D07EC8252B8C504D003CA4B6 /* ApplyJob */,
				D07EC8242B8C5045003CA4B6 /* JobDetails */,
			);
			path = Domain;
			sourceTree = "<group>";
		};
		D0801AF82B8C46C100DE955A /* Data */ = {
			isa = PBXGroup;
			children = (
				D07EC8272B8C5065003CA4B6 /* JobDetails */,
				D07EC8262B8C505B003CA4B6 /* ApplyJob */,
			);
			path = Data;
			sourceTree = "<group>";
		};
		D0C8B8A52B96F2D3009DF37A /* ActivityIndicatorView */ = {
			isa = PBXGroup;
			children = (
				D0C8B8A62B96F2F7009DF37A /* ActivityIndicatorView.swift */,
			);
			path = ActivityIndicatorView;
			sourceTree = "<group>";
		};
		D0C8B8A82B97171B009DF37A /* DataModel */ = {
			isa = PBXGroup;
			children = (
				D0C8B8A92B97172E009DF37A /* ActivityIndicatorEvent.swift */,
			);
			path = DataModel;
			sourceTree = "<group>";
		};
/* End PBXGroup section */

/* Begin PBXNativeTarget section */
		D04075C22B85DAC200C0EC1F /* SeekPlus */ = {
			isa = PBXNativeTarget;
			buildConfigurationList = D04075E72B85DAC300C0EC1F /* Build configuration list for PBXNativeTarget "SeekPlus" */;
			buildPhases = (
				D04076512B8B0B4900C0EC1F /* SwiftLint */,
				D04075BF2B85DAC200C0EC1F /* Sources */,
				D04075C02B85DAC200C0EC1F /* Frameworks */,
				D04075C12B85DAC200C0EC1F /* Resources */,
			);
			buildRules = (
			);
			dependencies = (
			);
			name = SeekPlus;
			packageProductDependencies = (
				D04076482B8ADED600C0EC1F /* Swinject */,
				D040764A2B8ADED600C0EC1F /* Swinject-Dynamic */,
				D04076552B8B37BB00C0EC1F /* Apollo */,
				D04076612B8B5E2F00C0EC1F /* SeekPlusAPI */,
				D04076832B8BBEBE00C0EC1F /* SwinjectAutoregistration */,
				D04076852B8BBEBE00C0EC1F /* SwinjectAutoregistration-Dynamic */,
			);
			productName = SeekPlus;
			productReference = D04075C32B85DAC200C0EC1F /* SeekPlus.app */;
			productType = "com.apple.product-type.application";
		};
		D04075D22B85DAC300C0EC1F /* SeekPlusTests */ = {
			isa = PBXNativeTarget;
			buildConfigurationList = D04075EA2B85DAC300C0EC1F /* Build configuration list for PBXNativeTarget "SeekPlusTests" */;
			buildPhases = (
				D04075CF2B85DAC300C0EC1F /* Sources */,
				D04075D02B85DAC300C0EC1F /* Frameworks */,
				D04075D12B85DAC300C0EC1F /* Resources */,
			);
			buildRules = (
			);
			dependencies = (
				D04075D52B85DAC300C0EC1F /* PBXTargetDependency */,
			);
			name = SeekPlusTests;
			productName = SeekPlusTests;
			productReference = D04075D32B85DAC300C0EC1F /* SeekPlusTests.xctest */;
			productType = "com.apple.product-type.bundle.unit-test";
		};
		D04075DC2B85DAC300C0EC1F /* SeekPlusUITests */ = {
			isa = PBXNativeTarget;
			buildConfigurationList = D04075ED2B85DAC300C0EC1F /* Build configuration list for PBXNativeTarget "SeekPlusUITests" */;
			buildPhases = (
				D04075D92B85DAC300C0EC1F /* Sources */,
				D04075DA2B85DAC300C0EC1F /* Frameworks */,
				D04075DB2B85DAC300C0EC1F /* Resources */,
			);
			buildRules = (
			);
			dependencies = (
				D04075DF2B85DAC300C0EC1F /* PBXTargetDependency */,
			);
			name = SeekPlusUITests;
			productName = SeekPlusUITests;
			productReference = D04075DD2B85DAC300C0EC1F /* SeekPlusUITests.xctest */;
			productType = "com.apple.product-type.bundle.ui-testing";
		};
/* End PBXNativeTarget section */

/* Begin PBXProject section */
		D04075BB2B85DAC200C0EC1F /* Project object */ = {
			isa = PBXProject;
			attributes = {
				BuildIndependentTargetsInParallel = 1;
				LastSwiftUpdateCheck = 1520;
				LastUpgradeCheck = 1520;
				TargetAttributes = {
					D04075C22B85DAC200C0EC1F = {
						CreatedOnToolsVersion = 15.2;
					};
					D04075D22B85DAC300C0EC1F = {
						CreatedOnToolsVersion = 15.2;
						TestTargetID = D04075C22B85DAC200C0EC1F;
					};
					D04075DC2B85DAC300C0EC1F = {
						CreatedOnToolsVersion = 15.2;
						TestTargetID = D04075C22B85DAC200C0EC1F;
					};
				};
			};
			buildConfigurationList = D04075BE2B85DAC200C0EC1F /* Build configuration list for PBXProject "SeekPlus" */;
			compatibilityVersion = "Xcode 14.0";
			developmentRegion = en;
			hasScannedForEncodings = 0;
			knownRegions = (
				en,
				Base,
			);
			mainGroup = D04075BA2B85DAC200C0EC1F;
			packageReferences = (
				D04076472B8ADED600C0EC1F /* XCRemoteSwiftPackageReference "Swinject" */,
				D04076542B8B37BB00C0EC1F /* XCRemoteSwiftPackageReference "apollo-ios" */,
				D04076602B8B5E2F00C0EC1F /* XCLocalSwiftPackageReference "SeekPlusAPI" */,
				D04076822B8BBEBD00C0EC1F /* XCRemoteSwiftPackageReference "SwinjectAutoregistration" */,
			);
			productRefGroup = D04075C42B85DAC200C0EC1F /* Products */;
			projectDirPath = "";
			projectRoot = "";
			targets = (
				D04075C22B85DAC200C0EC1F /* SeekPlus */,
				D04075D22B85DAC300C0EC1F /* SeekPlusTests */,
				D04075DC2B85DAC300C0EC1F /* SeekPlusUITests */,
			);
		};
/* End PBXProject section */

/* Begin PBXResourcesBuildPhase section */
		D04075C12B85DAC200C0EC1F /* Resources */ = {
			isa = PBXResourcesBuildPhase;
			buildActionMask = 2147483647;
			files = (
				D04075CE2B85DAC300C0EC1F /* Preview Assets.xcassets in Resources */,
				D0801ADD2B8C18B100DE955A /* mutations.graphql in Resources */,
				D04075CB2B85DAC300C0EC1F /* Assets.xcassets in Resources */,
			);
			runOnlyForDeploymentPostprocessing = 0;
		};
		D04075D12B85DAC300C0EC1F /* Resources */ = {
			isa = PBXResourcesBuildPhase;
			buildActionMask = 2147483647;
			files = (
			);
			runOnlyForDeploymentPostprocessing = 0;
		};
		D04075DB2B85DAC300C0EC1F /* Resources */ = {
			isa = PBXResourcesBuildPhase;
			buildActionMask = 2147483647;
			files = (
			);
			runOnlyForDeploymentPostprocessing = 0;
		};
/* End PBXResourcesBuildPhase section */

/* Begin PBXShellScriptBuildPhase section */
		D04076512B8B0B4900C0EC1F /* SwiftLint */ = {
			isa = PBXShellScriptBuildPhase;
			alwaysOutOfDate = 1;
			buildActionMask = 2147483647;
			files = (
			);
			inputFileListPaths = (
			);
			inputPaths = (
			);
			name = SwiftLint;
			outputFileListPaths = (
			);
			outputPaths = (
			);
			runOnlyForDeploymentPostprocessing = 0;
			shellPath = /bin/sh;
			shellScript = "# Type a script or drag a script file from your workspace to insert its path.\n\nif [[ \"$(uname -m)\" == arm64 ]]; then\n    export PATH=\"/opt/homebrew/bin:$PATH\"\nfi\n\nif which swiftlint > /dev/null; then\n  swiftlint --fix && swiftlint\nelse\n  echo \"warning: SwiftLint not installed, download from https://github.com/realm/SwiftLint\"\nfi\n";
		};
/* End PBXShellScriptBuildPhase section */

/* Begin PBXSourcesBuildPhase section */
		D04075BF2B85DAC200C0EC1F /* Sources */ = {
			isa = PBXSourcesBuildPhase;
			buildActionMask = 2147483647;
			files = (
				D0801AD02B8C16C900DE955A /* LoginViewModel.swift in Sources */,
				D04076142B86F44400C0EC1F /* AppliedJobsView.swift in Sources */,
				D0801AED2B8C3F7900DE955A /* ApplyJobServiceContract.swift in Sources */,
				D040767A2B8B9EFA00C0EC1F /* HomeAssembly.swift in Sources */,
				D04076702B8B977D00C0EC1F /* HomeViewModel.swift in Sources */,
				D04076812B8BBCB900C0EC1F /* HomeInteractor.swift in Sources */,
				D04076882B8BC51700C0EC1F /* AppDelegate.swift in Sources */,
				D04076252B873D4000C0EC1F /* DefaultTextFieldStyle.swift in Sources */,
				D04076192B8703AC00C0EC1F /* TextAttributes.swift in Sources */,
				D04076652B8B5F0C00C0EC1F /* Network.swift in Sources */,
				D0801AE82B8C3E9700DE955A /* ApplyJobInteractorContract.swift in Sources */,
				D04076322B87889B00C0EC1F /* JobCardContent.swift in Sources */,
				D0801AEF2B8C400700DE955A /* ApplyJobService.swift in Sources */,
				D040766C2B8B742800C0EC1F /* TokenInterceptor.swift in Sources */,
				D04076932B8C03F100C0EC1F /* AppliedJobsViewModelContract.swift in Sources */,
				D04076162B86F46500C0EC1F /* ProfileView.swift in Sources */,
				D040768F2B8BFBFB00C0EC1F /* TextFieldAttributes.swift in Sources */,
				D040761B2B8707D100C0EC1F /* ConfigurableTextStyle.swift in Sources */,
				D0801AFA2B8C46D500DE955A /* JobDetailsInteractorContract.swift in Sources */,
				D0C8B8AA2B97172E009DF37A /* ActivityIndicatorEvent.swift in Sources */,
				D040760C2B86E09300C0EC1F /* ConfigurableImageStyle.swift in Sources */,
				D04075C92B85DAC200C0EC1F /* ContentView.swift in Sources */,
				D040767F2B8BA58700C0EC1F /* ActiveJobListApiModel.swift in Sources */,
				D040763E2B87C2A500C0EC1F /* JobDetailsView.swift in Sources */,
				D0801AD42B8C172300DE955A /* LoginInteractorContract.swift in Sources */,
				D0801AFC2B8C473100DE955A /* JobDetailsServiceContract.swift in Sources */,
				D040761D2B870C3B00C0EC1F /* TabBarItem.swift in Sources */,
				D04076432B89A63100C0EC1F /* HomeViewModelContract.swift in Sources */,
				D04076372B87AFFA00C0EC1F /* BackgroundAttributes.swift in Sources */,
				D04076272B8764A100C0EC1F /* LoginField.swift in Sources */,
				D04076752B8B9D9000C0EC1F /* JobApiModel.swift in Sources */,
				D0801B002B8C484E00DE955A /* JobDetailsInteractor.swift in Sources */,
				D0801AE62B8C3E8800DE955A /* ApplyJobInteractor.swift in Sources */,
				D04076082B86DE2900C0EC1F /* HomeView.swift in Sources */,
				D040766E2B8B74E900C0EC1F /* NetworkInterceptorProvider.swift in Sources */,
				D0801AD92B8C17F100DE955A /* LoginInteractor.swift in Sources */,
				D04076952B8C044000C0EC1F /* AppliedJobsViewModel.swift in Sources */,
				D0801AFE2B8C475700DE955A /* JobDetailsService.swift in Sources */,
				D0801AD22B8C16F000DE955A /* LoginViewModelContract.swift in Sources */,
				D04076772B8B9E6A00C0EC1F /* HomeServiceContract.swift in Sources */,
				D0C8B8A72B96F2F7009DF37A /* ActivityIndicatorView.swift in Sources */,
				D04076122B86E58400C0EC1F /* AppColor.swift in Sources */,
				D0801AE42B8C3D4500DE955A /* AuthKeys.swift in Sources */,
				D040766A2B8B73D600C0EC1F /* KeychainHelper.swift in Sources */,
				D0801AEB2B8C3EDB00DE955A /* ApplyJobApiModel.swift in Sources */,
				D0801AE22B8C232C00DE955A /* LoginAssembly.swift in Sources */,
				D0801AE02B8C193800DE955A /* AuthApiModel.swift in Sources */,
				D0801ADB2B8C184000DE955A /* LoginService.swift in Sources */,
				D040760F2B86E1C900C0EC1F /* ImageAttributes.swift in Sources */,
				D07EC8232B8C4DED003CA4B6 /* JobDetailsAssembly.swift in Sources */,
				D0801AD72B8C17B000DE955A /* LoginServiceContract.swift in Sources */,
				D0801AF42B8C42F800DE955A /* JobDetailsViewModelContract.swift in Sources */,
				D04076302B87818F00C0EC1F /* JobCardView.swift in Sources */,
				D0801AF62B8C434D00DE955A /* JobDetailsViewModel.swift in Sources */,
				D040767C2B8BA3A500C0EC1F /* HomeService.swift in Sources */,
				D040761F2B8713DB00C0EC1F /* LoginView.swift in Sources */,
				D040763B2B87B93800C0EC1F /* ImageSize.swift in Sources */,
				D04076982B8C06F400C0EC1F /* AppliedJobsAssembly.swift in Sources */,
				D04076352B87AC2A00C0EC1F /* ConfigurableBackgroundView.swift in Sources */,
				D04076392B87B09100C0EC1F /* CornerRadius.swift in Sources */,
				D04076222B87202000C0EC1F /* Margin.swift in Sources */,
				D040762C2B87689100C0EC1F /* ButtonAttributes.swift in Sources */,
				D04076722B8B99BD00C0EC1F /* HomeInteractorContract.swift in Sources */,
				D04076052B86DDDB00C0EC1F /* TabBarView.swift in Sources */,
				D04075C72B85DAC200C0EC1F /* SeekPlusApp.swift in Sources */,
				D04076402B87C53300C0EC1F /* JobDetailsContent.swift in Sources */,
				D040762A2B87683D00C0EC1F /* ConfigurableButtonStyle.swift in Sources */,
			);
			runOnlyForDeploymentPostprocessing = 0;
		};
		D04075CF2B85DAC300C0EC1F /* Sources */ = {
			isa = PBXSourcesBuildPhase;
			buildActionMask = 2147483647;
			files = (
				D04075D82B85DAC300C0EC1F /* SeekPlusTests.swift in Sources */,
			);
			runOnlyForDeploymentPostprocessing = 0;
		};
		D04075D92B85DAC300C0EC1F /* Sources */ = {
			isa = PBXSourcesBuildPhase;
			buildActionMask = 2147483647;
			files = (
				D04075E42B85DAC300C0EC1F /* SeekPlusUITestsLaunchTests.swift in Sources */,
				D04075E22B85DAC300C0EC1F /* SeekPlusUITests.swift in Sources */,
			);
			runOnlyForDeploymentPostprocessing = 0;
		};
/* End PBXSourcesBuildPhase section */

/* Begin PBXTargetDependency section */
		D04075D52B85DAC300C0EC1F /* PBXTargetDependency */ = {
			isa = PBXTargetDependency;
			target = D04075C22B85DAC200C0EC1F /* SeekPlus */;
			targetProxy = D04075D42B85DAC300C0EC1F /* PBXContainerItemProxy */;
		};
		D04075DF2B85DAC300C0EC1F /* PBXTargetDependency */ = {
			isa = PBXTargetDependency;
			target = D04075C22B85DAC200C0EC1F /* SeekPlus */;
			targetProxy = D04075DE2B85DAC300C0EC1F /* PBXContainerItemProxy */;
		};
/* End PBXTargetDependency section */

/* Begin XCBuildConfiguration section */
		D04075E52B85DAC300C0EC1F /* Debug */ = {
			isa = XCBuildConfiguration;
			buildSettings = {
				ALWAYS_SEARCH_USER_PATHS = NO;
				ASSETCATALOG_COMPILER_GENERATE_SWIFT_ASSET_SYMBOL_EXTENSIONS = YES;
				CLANG_ANALYZER_NONNULL = YES;
				CLANG_ANALYZER_NUMBER_OBJECT_CONVERSION = YES_AGGRESSIVE;
				CLANG_CXX_LANGUAGE_STANDARD = "gnu++20";
				CLANG_ENABLE_MODULES = YES;
				CLANG_ENABLE_OBJC_ARC = YES;
				CLANG_ENABLE_OBJC_WEAK = YES;
				CLANG_WARN_BLOCK_CAPTURE_AUTORELEASING = YES;
				CLANG_WARN_BOOL_CONVERSION = YES;
				CLANG_WARN_COMMA = YES;
				CLANG_WARN_CONSTANT_CONVERSION = YES;
				CLANG_WARN_DEPRECATED_OBJC_IMPLEMENTATIONS = YES;
				CLANG_WARN_DIRECT_OBJC_ISA_USAGE = YES_ERROR;
				CLANG_WARN_DOCUMENTATION_COMMENTS = YES;
				CLANG_WARN_EMPTY_BODY = YES;
				CLANG_WARN_ENUM_CONVERSION = YES;
				CLANG_WARN_INFINITE_RECURSION = YES;
				CLANG_WARN_INT_CONVERSION = YES;
				CLANG_WARN_NON_LITERAL_NULL_CONVERSION = YES;
				CLANG_WARN_OBJC_IMPLICIT_RETAIN_SELF = YES;
				CLANG_WARN_OBJC_LITERAL_CONVERSION = YES;
				CLANG_WARN_OBJC_ROOT_CLASS = YES_ERROR;
				CLANG_WARN_QUOTED_INCLUDE_IN_FRAMEWORK_HEADER = YES;
				CLANG_WARN_RANGE_LOOP_ANALYSIS = YES;
				CLANG_WARN_STRICT_PROTOTYPES = YES;
				CLANG_WARN_SUSPICIOUS_MOVE = YES;
				CLANG_WARN_UNGUARDED_AVAILABILITY = YES_AGGRESSIVE;
				CLANG_WARN_UNREACHABLE_CODE = YES;
				CLANG_WARN__DUPLICATE_METHOD_MATCH = YES;
				COPY_PHASE_STRIP = NO;
				DEBUG_INFORMATION_FORMAT = dwarf;
				ENABLE_STRICT_OBJC_MSGSEND = YES;
				ENABLE_TESTABILITY = YES;
				ENABLE_USER_SCRIPT_SANDBOXING = NO;
				GCC_C_LANGUAGE_STANDARD = gnu17;
				GCC_DYNAMIC_NO_PIC = NO;
				GCC_NO_COMMON_BLOCKS = YES;
				GCC_OPTIMIZATION_LEVEL = 0;
				GCC_PREPROCESSOR_DEFINITIONS = (
					"DEBUG=1",
					"$(inherited)",
				);
				GCC_WARN_64_TO_32_BIT_CONVERSION = YES;
				GCC_WARN_ABOUT_RETURN_TYPE = YES_ERROR;
				GCC_WARN_UNDECLARED_SELECTOR = YES;
				GCC_WARN_UNINITIALIZED_AUTOS = YES_AGGRESSIVE;
				GCC_WARN_UNUSED_FUNCTION = YES;
				GCC_WARN_UNUSED_VARIABLE = YES;
				IPHONEOS_DEPLOYMENT_TARGET = 17.0;
				LOCALIZATION_PREFERS_STRING_CATALOGS = YES;
				MTL_ENABLE_DEBUG_INFO = INCLUDE_SOURCE;
				MTL_FAST_MATH = YES;
				ONLY_ACTIVE_ARCH = YES;
				SDKROOT = iphoneos;
				SWIFT_ACTIVE_COMPILATION_CONDITIONS = "DEBUG $(inherited)";
				SWIFT_OPTIMIZATION_LEVEL = "-Onone";
			};
			name = Debug;
		};
		D04075E62B85DAC300C0EC1F /* Release */ = {
			isa = XCBuildConfiguration;
			buildSettings = {
				ALWAYS_SEARCH_USER_PATHS = NO;
				ASSETCATALOG_COMPILER_GENERATE_SWIFT_ASSET_SYMBOL_EXTENSIONS = YES;
				CLANG_ANALYZER_NONNULL = YES;
				CLANG_ANALYZER_NUMBER_OBJECT_CONVERSION = YES_AGGRESSIVE;
				CLANG_CXX_LANGUAGE_STANDARD = "gnu++20";
				CLANG_ENABLE_MODULES = YES;
				CLANG_ENABLE_OBJC_ARC = YES;
				CLANG_ENABLE_OBJC_WEAK = YES;
				CLANG_WARN_BLOCK_CAPTURE_AUTORELEASING = YES;
				CLANG_WARN_BOOL_CONVERSION = YES;
				CLANG_WARN_COMMA = YES;
				CLANG_WARN_CONSTANT_CONVERSION = YES;
				CLANG_WARN_DEPRECATED_OBJC_IMPLEMENTATIONS = YES;
				CLANG_WARN_DIRECT_OBJC_ISA_USAGE = YES_ERROR;
				CLANG_WARN_DOCUMENTATION_COMMENTS = YES;
				CLANG_WARN_EMPTY_BODY = YES;
				CLANG_WARN_ENUM_CONVERSION = YES;
				CLANG_WARN_INFINITE_RECURSION = YES;
				CLANG_WARN_INT_CONVERSION = YES;
				CLANG_WARN_NON_LITERAL_NULL_CONVERSION = YES;
				CLANG_WARN_OBJC_IMPLICIT_RETAIN_SELF = YES;
				CLANG_WARN_OBJC_LITERAL_CONVERSION = YES;
				CLANG_WARN_OBJC_ROOT_CLASS = YES_ERROR;
				CLANG_WARN_QUOTED_INCLUDE_IN_FRAMEWORK_HEADER = YES;
				CLANG_WARN_RANGE_LOOP_ANALYSIS = YES;
				CLANG_WARN_STRICT_PROTOTYPES = YES;
				CLANG_WARN_SUSPICIOUS_MOVE = YES;
				CLANG_WARN_UNGUARDED_AVAILABILITY = YES_AGGRESSIVE;
				CLANG_WARN_UNREACHABLE_CODE = YES;
				CLANG_WARN__DUPLICATE_METHOD_MATCH = YES;
				COPY_PHASE_STRIP = NO;
				DEBUG_INFORMATION_FORMAT = "dwarf-with-dsym";
				ENABLE_NS_ASSERTIONS = NO;
				ENABLE_STRICT_OBJC_MSGSEND = YES;
				ENABLE_USER_SCRIPT_SANDBOXING = NO;
				GCC_C_LANGUAGE_STANDARD = gnu17;
				GCC_NO_COMMON_BLOCKS = YES;
				GCC_WARN_64_TO_32_BIT_CONVERSION = YES;
				GCC_WARN_ABOUT_RETURN_TYPE = YES_ERROR;
				GCC_WARN_UNDECLARED_SELECTOR = YES;
				GCC_WARN_UNINITIALIZED_AUTOS = YES_AGGRESSIVE;
				GCC_WARN_UNUSED_FUNCTION = YES;
				GCC_WARN_UNUSED_VARIABLE = YES;
				IPHONEOS_DEPLOYMENT_TARGET = 17.0;
				LOCALIZATION_PREFERS_STRING_CATALOGS = YES;
				MTL_ENABLE_DEBUG_INFO = NO;
				MTL_FAST_MATH = YES;
				SDKROOT = iphoneos;
				SWIFT_COMPILATION_MODE = wholemodule;
				VALIDATE_PRODUCT = YES;
			};
			name = Release;
		};
		D04075E82B85DAC300C0EC1F /* Debug */ = {
			isa = XCBuildConfiguration;
			buildSettings = {
				ASSETCATALOG_COMPILER_APPICON_NAME = AppIcon;
				ASSETCATALOG_COMPILER_GLOBAL_ACCENT_COLOR_NAME = AccentColor;
				CODE_SIGN_STYLE = Automatic;
				CURRENT_PROJECT_VERSION = 1;
				DEVELOPMENT_ASSET_PATHS = "\"SeekPlus/Preview Content\"";
				ENABLE_PREVIEWS = YES;
				ENABLE_USER_SCRIPT_SANDBOXING = NO;
				GENERATE_INFOPLIST_FILE = YES;
				INFOPLIST_KEY_CFBundleDisplayName = SeekPlus;
				INFOPLIST_KEY_UIApplicationSceneManifest_Generation = YES;
				INFOPLIST_KEY_UIApplicationSupportsIndirectInputEvents = YES;
				INFOPLIST_KEY_UILaunchScreen_Generation = YES;
				INFOPLIST_KEY_UISupportedInterfaceOrientations_iPad = "UIInterfaceOrientationPortrait UIInterfaceOrientationPortraitUpsideDown UIInterfaceOrientationLandscapeLeft UIInterfaceOrientationLandscapeRight";
				INFOPLIST_KEY_UISupportedInterfaceOrientations_iPhone = "UIInterfaceOrientationPortrait UIInterfaceOrientationLandscapeLeft UIInterfaceOrientationLandscapeRight";
				LD_RUNPATH_SEARCH_PATHS = (
					"$(inherited)",
					"@executable_path/Frameworks",
				);
				MARKETING_VERSION = 1.0;
				PRODUCT_BUNDLE_IDENTIFIER = com.seek.assignment.SeekPlus;
				PRODUCT_NAME = "$(TARGET_NAME)";
				SWIFT_EMIT_LOC_STRINGS = YES;
				SWIFT_VERSION = 5.0;
				TARGETED_DEVICE_FAMILY = "1,2";
			};
			name = Debug;
		};
		D04075E92B85DAC300C0EC1F /* Release */ = {
			isa = XCBuildConfiguration;
			buildSettings = {
				ASSETCATALOG_COMPILER_APPICON_NAME = AppIcon;
				ASSETCATALOG_COMPILER_GLOBAL_ACCENT_COLOR_NAME = AccentColor;
				CODE_SIGN_STYLE = Automatic;
				CURRENT_PROJECT_VERSION = 1;
				DEVELOPMENT_ASSET_PATHS = "\"SeekPlus/Preview Content\"";
				ENABLE_PREVIEWS = YES;
				ENABLE_USER_SCRIPT_SANDBOXING = NO;
				GENERATE_INFOPLIST_FILE = YES;
				INFOPLIST_KEY_CFBundleDisplayName = SeekPlus;
				INFOPLIST_KEY_UIApplicationSceneManifest_Generation = YES;
				INFOPLIST_KEY_UIApplicationSupportsIndirectInputEvents = YES;
				INFOPLIST_KEY_UILaunchScreen_Generation = YES;
				INFOPLIST_KEY_UISupportedInterfaceOrientations_iPad = "UIInterfaceOrientationPortrait UIInterfaceOrientationPortraitUpsideDown UIInterfaceOrientationLandscapeLeft UIInterfaceOrientationLandscapeRight";
				INFOPLIST_KEY_UISupportedInterfaceOrientations_iPhone = "UIInterfaceOrientationPortrait UIInterfaceOrientationLandscapeLeft UIInterfaceOrientationLandscapeRight";
				LD_RUNPATH_SEARCH_PATHS = (
					"$(inherited)",
					"@executable_path/Frameworks",
				);
				MARKETING_VERSION = 1.0;
				PRODUCT_BUNDLE_IDENTIFIER = com.seek.assignment.SeekPlus;
				PRODUCT_NAME = "$(TARGET_NAME)";
				SWIFT_EMIT_LOC_STRINGS = YES;
				SWIFT_VERSION = 5.0;
				TARGETED_DEVICE_FAMILY = "1,2";
			};
			name = Release;
		};
		D04075EB2B85DAC300C0EC1F /* Debug */ = {
			isa = XCBuildConfiguration;
			buildSettings = {
				ALWAYS_EMBED_SWIFT_STANDARD_LIBRARIES = YES;
				BUNDLE_LOADER = "$(TEST_HOST)";
				CODE_SIGN_STYLE = Automatic;
				CURRENT_PROJECT_VERSION = 1;
				GENERATE_INFOPLIST_FILE = YES;
				IPHONEOS_DEPLOYMENT_TARGET = 17.2;
				MARKETING_VERSION = 1.0;
				PRODUCT_BUNDLE_IDENTIFIER = com.seek.assignment.SeekPlusTests;
				PRODUCT_NAME = "$(TARGET_NAME)";
				SWIFT_EMIT_LOC_STRINGS = NO;
				SWIFT_VERSION = 5.0;
				TARGETED_DEVICE_FAMILY = "1,2";
				TEST_HOST = "$(BUILT_PRODUCTS_DIR)/SeekPlus.app/$(BUNDLE_EXECUTABLE_FOLDER_PATH)/SeekPlus";
			};
			name = Debug;
		};
		D04075EC2B85DAC300C0EC1F /* Release */ = {
			isa = XCBuildConfiguration;
			buildSettings = {
				ALWAYS_EMBED_SWIFT_STANDARD_LIBRARIES = YES;
				BUNDLE_LOADER = "$(TEST_HOST)";
				CODE_SIGN_STYLE = Automatic;
				CURRENT_PROJECT_VERSION = 1;
				GENERATE_INFOPLIST_FILE = YES;
				IPHONEOS_DEPLOYMENT_TARGET = 17.2;
				MARKETING_VERSION = 1.0;
				PRODUCT_BUNDLE_IDENTIFIER = com.seek.assignment.SeekPlusTests;
				PRODUCT_NAME = "$(TARGET_NAME)";
				SWIFT_EMIT_LOC_STRINGS = NO;
				SWIFT_VERSION = 5.0;
				TARGETED_DEVICE_FAMILY = "1,2";
				TEST_HOST = "$(BUILT_PRODUCTS_DIR)/SeekPlus.app/$(BUNDLE_EXECUTABLE_FOLDER_PATH)/SeekPlus";
			};
			name = Release;
		};
		D04075EE2B85DAC300C0EC1F /* Debug */ = {
			isa = XCBuildConfiguration;
			buildSettings = {
				ALWAYS_EMBED_SWIFT_STANDARD_LIBRARIES = YES;
				CODE_SIGN_STYLE = Automatic;
				CURRENT_PROJECT_VERSION = 1;
				GENERATE_INFOPLIST_FILE = YES;
				MARKETING_VERSION = 1.0;
				PRODUCT_BUNDLE_IDENTIFIER = com.seek.assignment.SeekPlusUITests;
				PRODUCT_NAME = "$(TARGET_NAME)";
				SWIFT_EMIT_LOC_STRINGS = NO;
				SWIFT_VERSION = 5.0;
				TARGETED_DEVICE_FAMILY = "1,2";
				TEST_TARGET_NAME = SeekPlus;
			};
			name = Debug;
		};
		D04075EF2B85DAC300C0EC1F /* Release */ = {
			isa = XCBuildConfiguration;
			buildSettings = {
				ALWAYS_EMBED_SWIFT_STANDARD_LIBRARIES = YES;
				CODE_SIGN_STYLE = Automatic;
				CURRENT_PROJECT_VERSION = 1;
				GENERATE_INFOPLIST_FILE = YES;
				MARKETING_VERSION = 1.0;
				PRODUCT_BUNDLE_IDENTIFIER = com.seek.assignment.SeekPlusUITests;
				PRODUCT_NAME = "$(TARGET_NAME)";
				SWIFT_EMIT_LOC_STRINGS = NO;
				SWIFT_VERSION = 5.0;
				TARGETED_DEVICE_FAMILY = "1,2";
				TEST_TARGET_NAME = SeekPlus;
			};
			name = Release;
		};
/* End XCBuildConfiguration section */

/* Begin XCConfigurationList section */
		D04075BE2B85DAC200C0EC1F /* Build configuration list for PBXProject "SeekPlus" */ = {
			isa = XCConfigurationList;
			buildConfigurations = (
				D04075E52B85DAC300C0EC1F /* Debug */,
				D04075E62B85DAC300C0EC1F /* Release */,
			);
			defaultConfigurationIsVisible = 0;
			defaultConfigurationName = Release;
		};
		D04075E72B85DAC300C0EC1F /* Build configuration list for PBXNativeTarget "SeekPlus" */ = {
			isa = XCConfigurationList;
			buildConfigurations = (
				D04075E82B85DAC300C0EC1F /* Debug */,
				D04075E92B85DAC300C0EC1F /* Release */,
			);
			defaultConfigurationIsVisible = 0;
			defaultConfigurationName = Release;
		};
		D04075EA2B85DAC300C0EC1F /* Build configuration list for PBXNativeTarget "SeekPlusTests" */ = {
			isa = XCConfigurationList;
			buildConfigurations = (
				D04075EB2B85DAC300C0EC1F /* Debug */,
				D04075EC2B85DAC300C0EC1F /* Release */,
			);
			defaultConfigurationIsVisible = 0;
			defaultConfigurationName = Release;
		};
		D04075ED2B85DAC300C0EC1F /* Build configuration list for PBXNativeTarget "SeekPlusUITests" */ = {
			isa = XCConfigurationList;
			buildConfigurations = (
				D04075EE2B85DAC300C0EC1F /* Debug */,
				D04075EF2B85DAC300C0EC1F /* Release */,
			);
			defaultConfigurationIsVisible = 0;
			defaultConfigurationName = Release;
		};
/* End XCConfigurationList section */

/* Begin XCLocalSwiftPackageReference section */
		D04076602B8B5E2F00C0EC1F /* XCLocalSwiftPackageReference "SeekPlusAPI" */ = {
			isa = XCLocalSwiftPackageReference;
			relativePath = SeekPlusAPI;
		};
/* End XCLocalSwiftPackageReference section */

/* Begin XCRemoteSwiftPackageReference section */
		D04076472B8ADED600C0EC1F /* XCRemoteSwiftPackageReference "Swinject" */ = {
			isa = XCRemoteSwiftPackageReference;
			repositoryURL = "https://github.com/Swinject/Swinject.git";
			requirement = {
				kind = exactVersion;
				version = 2.8.4;
			};
		};
		D04076542B8B37BB00C0EC1F /* XCRemoteSwiftPackageReference "apollo-ios" */ = {
			isa = XCRemoteSwiftPackageReference;
			repositoryURL = "https://github.com/apollographql/apollo-ios";
			requirement = {
				kind = exactVersion;
				version = 1.9.0;
			};
		};
		D04076822B8BBEBD00C0EC1F /* XCRemoteSwiftPackageReference "SwinjectAutoregistration" */ = {
			isa = XCRemoteSwiftPackageReference;
			repositoryURL = "https://github.com/Swinject/SwinjectAutoregistration.git";
			requirement = {
				kind = exactVersion;
				version = 2.8.3;
			};
		};
/* End XCRemoteSwiftPackageReference section */

/* Begin XCSwiftPackageProductDependency section */
		D04076482B8ADED600C0EC1F /* Swinject */ = {
			isa = XCSwiftPackageProductDependency;
			package = D04076472B8ADED600C0EC1F /* XCRemoteSwiftPackageReference "Swinject" */;
			productName = Swinject;
		};
		D040764A2B8ADED600C0EC1F /* Swinject-Dynamic */ = {
			isa = XCSwiftPackageProductDependency;
			package = D04076472B8ADED600C0EC1F /* XCRemoteSwiftPackageReference "Swinject" */;
			productName = "Swinject-Dynamic";
		};
		D04076552B8B37BB00C0EC1F /* Apollo */ = {
			isa = XCSwiftPackageProductDependency;
			package = D04076542B8B37BB00C0EC1F /* XCRemoteSwiftPackageReference "apollo-ios" */;
			productName = Apollo;
		};
		D04076612B8B5E2F00C0EC1F /* SeekPlusAPI */ = {
			isa = XCSwiftPackageProductDependency;
			productName = SeekPlusAPI;
		};
		D04076832B8BBEBE00C0EC1F /* SwinjectAutoregistration */ = {
			isa = XCSwiftPackageProductDependency;
			package = D04076822B8BBEBD00C0EC1F /* XCRemoteSwiftPackageReference "SwinjectAutoregistration" */;
			productName = SwinjectAutoregistration;
		};
		D04076852B8BBEBE00C0EC1F /* SwinjectAutoregistration-Dynamic */ = {
			isa = XCSwiftPackageProductDependency;
			package = D04076822B8BBEBD00C0EC1F /* XCRemoteSwiftPackageReference "SwinjectAutoregistration" */;
			productName = "SwinjectAutoregistration-Dynamic";
		};
/* End XCSwiftPackageProductDependency section */
	};
	rootObject = D04075BB2B85DAC200C0EC1F /* Project object */;
}
