// !$*UTF8*$!
{
	archiveVersion = 1;
	classes = {
	};
	objectVersion = 56;
	objects = {

/* Begin PBXBuildFile section */
		D04075C72B85DAC200C0EC1F /* SeekPlusApp.swift in Sources */ = {isa = PBXBuildFile; fileRef = D04075C62B85DAC200C0EC1F /* SeekPlusApp.swift */; };
		D04075C92B85DAC200C0EC1F /* ContentView.swift in Sources */ = {isa = PBXBuildFile; fileRef = D04075C82B85DAC200C0EC1F /* ContentView.swift */; };
		D04075CB2B85DAC300C0EC1F /* Assets.xcassets in Resources */ = {isa = PBXBuildFile; fileRef = D04075CA2B85DAC300C0EC1F /* Assets.xcassets */; };
		D04075CE2B85DAC300C0EC1F /* Preview Assets.xcassets in Resources */ = {isa = PBXBuildFile; fileRef = D04075CD2B85DAC300C0EC1F /* Preview Assets.xcassets */; };
		D04075D82B85DAC300C0EC1F /* SeekPlusTests.swift in Sources */ = {isa = PBXBuildFile; fileRef = D04075D72B85DAC300C0EC1F /* SeekPlusTests.swift */; };
		D04075E22B85DAC300C0EC1F /* SeekPlusUITests.swift in Sources */ = {isa = PBXBuildFile; fileRef = D04075E12B85DAC300C0EC1F /* SeekPlusUITests.swift */; };
		D04075E42B85DAC300C0EC1F /* SeekPlusUITestsLaunchTests.swift in Sources */ = {isa = PBXBuildFile; fileRef = D04075E32B85DAC300C0EC1F /* SeekPlusUITestsLaunchTests.swift */; };
		D04076052B86DDDB00C0EC1F /* TabBarView.swift in Sources */ = {isa = PBXBuildFile; fileRef = D04076042B86DDDB00C0EC1F /* TabBarView.swift */; };
		D04076082B86DE2900C0EC1F /* HomeView.swift in Sources */ = {isa = PBXBuildFile; fileRef = D04076072B86DE2900C0EC1F /* HomeView.swift */; };
		D040760C2B86E09300C0EC1F /* ConfigurableImageStyle.swift in Sources */ = {isa = PBXBuildFile; fileRef = D040760B2B86E09300C0EC1F /* ConfigurableImageStyle.swift */; };
		D040760F2B86E1C900C0EC1F /* ImageAttributes.swift in Sources */ = {isa = PBXBuildFile; fileRef = D040760E2B86E1C900C0EC1F /* ImageAttributes.swift */; };
		D04076122B86E58400C0EC1F /* AppColor.swift in Sources */ = {isa = PBXBuildFile; fileRef = D04076112B86E58400C0EC1F /* AppColor.swift */; };
		D04076142B86F44400C0EC1F /* AppliedJobsView.swift in Sources */ = {isa = PBXBuildFile; fileRef = D04076132B86F44400C0EC1F /* AppliedJobsView.swift */; };
		D04076162B86F46500C0EC1F /* ProfileView.swift in Sources */ = {isa = PBXBuildFile; fileRef = D04076152B86F46500C0EC1F /* ProfileView.swift */; };
		D04076192B8703AC00C0EC1F /* TextAttributes.swift in Sources */ = {isa = PBXBuildFile; fileRef = D04076182B8703AC00C0EC1F /* TextAttributes.swift */; };
		D040761B2B8707D100C0EC1F /* ConfigurableTextStyle.swift in Sources */ = {isa = PBXBuildFile; fileRef = D040761A2B8707D100C0EC1F /* ConfigurableTextStyle.swift */; };
		D040761D2B870C3B00C0EC1F /* TabBarItem.swift in Sources */ = {isa = PBXBuildFile; fileRef = D040761C2B870C3B00C0EC1F /* TabBarItem.swift */; };
		D040761F2B8713DB00C0EC1F /* LoginView.swift in Sources */ = {isa = PBXBuildFile; fileRef = D040761E2B8713DB00C0EC1F /* LoginView.swift */; };
		D04076222B87202000C0EC1F /* Margin.swift in Sources */ = {isa = PBXBuildFile; fileRef = D04076212B87202000C0EC1F /* Margin.swift */; };
		D04076252B873D4000C0EC1F /* DefaultTextFieldStyle.swift in Sources */ = {isa = PBXBuildFile; fileRef = D04076242B873D4000C0EC1F /* DefaultTextFieldStyle.swift */; };
		D04076272B8764A100C0EC1F /* LoginField.swift in Sources */ = {isa = PBXBuildFile; fileRef = D04076262B8764A100C0EC1F /* LoginField.swift */; };
		D040762A2B87683D00C0EC1F /* ConfigurableButtonStyle.swift in Sources */ = {isa = PBXBuildFile; fileRef = D04076292B87683D00C0EC1F /* ConfigurableButtonStyle.swift */; };
		D040762C2B87689100C0EC1F /* ButtonAttributes.swift in Sources */ = {isa = PBXBuildFile; fileRef = D040762B2B87689100C0EC1F /* ButtonAttributes.swift */; };
		D04076302B87818F00C0EC1F /* JobCardView.swift in Sources */ = {isa = PBXBuildFile; fileRef = D040762F2B87818F00C0EC1F /* JobCardView.swift */; };
/* End PBXBuildFile section */

/* Begin PBXContainerItemProxy section */
		D04075D42B85DAC300C0EC1F /* PBXContainerItemProxy */ = {
			isa = PBXContainerItemProxy;
			containerPortal = D04075BB2B85DAC200C0EC1F /* Project object */;
			proxyType = 1;
			remoteGlobalIDString = D04075C22B85DAC200C0EC1F;
			remoteInfo = SeekPlus;
		};
		D04075DE2B85DAC300C0EC1F /* PBXContainerItemProxy */ = {
			isa = PBXContainerItemProxy;
			containerPortal = D04075BB2B85DAC200C0EC1F /* Project object */;
			proxyType = 1;
			remoteGlobalIDString = D04075C22B85DAC200C0EC1F;
			remoteInfo = SeekPlus;
		};
/* End PBXContainerItemProxy section */

/* Begin PBXFileReference section */
		D04075C32B85DAC200C0EC1F /* SeekPlus.app */ = {isa = PBXFileReference; explicitFileType = wrapper.application; includeInIndex = 0; path = SeekPlus.app; sourceTree = BUILT_PRODUCTS_DIR; };
		D04075C62B85DAC200C0EC1F /* SeekPlusApp.swift */ = {isa = PBXFileReference; lastKnownFileType = sourcecode.swift; path = SeekPlusApp.swift; sourceTree = "<group>"; };
		D04075C82B85DAC200C0EC1F /* ContentView.swift */ = {isa = PBXFileReference; lastKnownFileType = sourcecode.swift; path = ContentView.swift; sourceTree = "<group>"; };
		D04075CA2B85DAC300C0EC1F /* Assets.xcassets */ = {isa = PBXFileReference; lastKnownFileType = folder.assetcatalog; path = Assets.xcassets; sourceTree = "<group>"; };
		D04075CD2B85DAC300C0EC1F /* Preview Assets.xcassets */ = {isa = PBXFileReference; lastKnownFileType = folder.assetcatalog; path = "Preview Assets.xcassets"; sourceTree = "<group>"; };
		D04075D32B85DAC300C0EC1F /* SeekPlusTests.xctest */ = {isa = PBXFileReference; explicitFileType = wrapper.cfbundle; includeInIndex = 0; path = SeekPlusTests.xctest; sourceTree = BUILT_PRODUCTS_DIR; };
		D04075D72B85DAC300C0EC1F /* SeekPlusTests.swift */ = {isa = PBXFileReference; lastKnownFileType = sourcecode.swift; path = SeekPlusTests.swift; sourceTree = "<group>"; };
		D04075DD2B85DAC300C0EC1F /* SeekPlusUITests.xctest */ = {isa = PBXFileReference; explicitFileType = wrapper.cfbundle; includeInIndex = 0; path = SeekPlusUITests.xctest; sourceTree = BUILT_PRODUCTS_DIR; };
		D04075E12B85DAC300C0EC1F /* SeekPlusUITests.swift */ = {isa = PBXFileReference; lastKnownFileType = sourcecode.swift; path = SeekPlusUITests.swift; sourceTree = "<group>"; };
		D04075E32B85DAC300C0EC1F /* SeekPlusUITestsLaunchTests.swift */ = {isa = PBXFileReference; lastKnownFileType = sourcecode.swift; path = SeekPlusUITestsLaunchTests.swift; sourceTree = "<group>"; };
		D04076042B86DDDB00C0EC1F /* TabBarView.swift */ = {isa = PBXFileReference; lastKnownFileType = sourcecode.swift; path = TabBarView.swift; sourceTree = "<group>"; };
		D04076072B86DE2900C0EC1F /* HomeView.swift */ = {isa = PBXFileReference; lastKnownFileType = sourcecode.swift; path = HomeView.swift; sourceTree = "<group>"; };
		D040760B2B86E09300C0EC1F /* ConfigurableImageStyle.swift */ = {isa = PBXFileReference; lastKnownFileType = sourcecode.swift; path = ConfigurableImageStyle.swift; sourceTree = "<group>"; };
		D040760E2B86E1C900C0EC1F /* ImageAttributes.swift */ = {isa = PBXFileReference; lastKnownFileType = sourcecode.swift; path = ImageAttributes.swift; sourceTree = "<group>"; };
		D04076112B86E58400C0EC1F /* AppColor.swift */ = {isa = PBXFileReference; lastKnownFileType = sourcecode.swift; path = AppColor.swift; sourceTree = "<group>"; };
		D04076132B86F44400C0EC1F /* AppliedJobsView.swift */ = {isa = PBXFileReference; lastKnownFileType = sourcecode.swift; path = AppliedJobsView.swift; sourceTree = "<group>"; };
		D04076152B86F46500C0EC1F /* ProfileView.swift */ = {isa = PBXFileReference; lastKnownFileType = sourcecode.swift; path = ProfileView.swift; sourceTree = "<group>"; };
		D04076182B8703AC00C0EC1F /* TextAttributes.swift */ = {isa = PBXFileReference; lastKnownFileType = sourcecode.swift; path = TextAttributes.swift; sourceTree = "<group>"; };
		D040761A2B8707D100C0EC1F /* ConfigurableTextStyle.swift */ = {isa = PBXFileReference; lastKnownFileType = sourcecode.swift; path = ConfigurableTextStyle.swift; sourceTree = "<group>"; };
		D040761C2B870C3B00C0EC1F /* TabBarItem.swift */ = {isa = PBXFileReference; lastKnownFileType = sourcecode.swift; path = TabBarItem.swift; sourceTree = "<group>"; };
		D040761E2B8713DB00C0EC1F /* LoginView.swift */ = {isa = PBXFileReference; lastKnownFileType = sourcecode.swift; path = LoginView.swift; sourceTree = "<group>"; };
		D04076212B87202000C0EC1F /* Margin.swift */ = {isa = PBXFileReference; lastKnownFileType = sourcecode.swift; path = Margin.swift; sourceTree = "<group>"; };
		D04076242B873D4000C0EC1F /* DefaultTextFieldStyle.swift */ = {isa = PBXFileReference; lastKnownFileType = sourcecode.swift; path = DefaultTextFieldStyle.swift; sourceTree = "<group>"; };
		D04076262B8764A100C0EC1F /* LoginField.swift */ = {isa = PBXFileReference; lastKnownFileType = sourcecode.swift; path = LoginField.swift; sourceTree = "<group>"; };
		D04076292B87683D00C0EC1F /* ConfigurableButtonStyle.swift */ = {isa = PBXFileReference; lastKnownFileType = sourcecode.swift; path = ConfigurableButtonStyle.swift; sourceTree = "<group>"; };
		D040762B2B87689100C0EC1F /* ButtonAttributes.swift */ = {isa = PBXFileReference; lastKnownFileType = sourcecode.swift; path = ButtonAttributes.swift; sourceTree = "<group>"; };
		D040762F2B87818F00C0EC1F /* JobCardView.swift */ = {isa = PBXFileReference; lastKnownFileType = sourcecode.swift; path = JobCardView.swift; sourceTree = "<group>"; };
/* End PBXFileReference section */

/* Begin PBXFrameworksBuildPhase section */
		D04075C02B85DAC200C0EC1F /* Frameworks */ = {
			isa = PBXFrameworksBuildPhase;
			buildActionMask = 2147483647;
			files = (
			);
			runOnlyForDeploymentPostprocessing = 0;
		};
		D04075D02B85DAC300C0EC1F /* Frameworks */ = {
			isa = PBXFrameworksBuildPhase;
			buildActionMask = 2147483647;
			files = (
			);
			runOnlyForDeploymentPostprocessing = 0;
		};
		D04075DA2B85DAC300C0EC1F /* Frameworks */ = {
			isa = PBXFrameworksBuildPhase;
			buildActionMask = 2147483647;
			files = (
			);
			runOnlyForDeploymentPostprocessing = 0;
		};
/* End PBXFrameworksBuildPhase section */

/* Begin PBXGroup section */
		D04075BA2B85DAC200C0EC1F = {
			isa = PBXGroup;
			children = (
				D04075C52B85DAC200C0EC1F /* SeekPlus */,
				D04075D62B85DAC300C0EC1F /* SeekPlusTests */,
				D04075E02B85DAC300C0EC1F /* SeekPlusUITests */,
				D04075C42B85DAC200C0EC1F /* Products */,
			);
			sourceTree = "<group>";
		};
		D04075C42B85DAC200C0EC1F /* Products */ = {
			isa = PBXGroup;
			children = (
				D04075C32B85DAC200C0EC1F /* SeekPlus.app */,
				D04075D32B85DAC300C0EC1F /* SeekPlusTests.xctest */,
				D04075DD2B85DAC300C0EC1F /* SeekPlusUITests.xctest */,
			);
			name = Products;
			sourceTree = "<group>";
		};
		D04075C52B85DAC200C0EC1F /* SeekPlus */ = {
			isa = PBXGroup;
			children = (
				D04075F02B85F44200C0EC1F /* Features */,
				D04076092B86DFEA00C0EC1F /* UIDesign */,
				D04075C62B85DAC200C0EC1F /* SeekPlusApp.swift */,
				D04075C82B85DAC200C0EC1F /* ContentView.swift */,
				D04075CA2B85DAC300C0EC1F /* Assets.xcassets */,
				D04075CC2B85DAC300C0EC1F /* Preview Content */,
			);
			path = SeekPlus;
			sourceTree = "<group>";
		};
		D04075CC2B85DAC300C0EC1F /* Preview Content */ = {
			isa = PBXGroup;
			children = (
				D04075CD2B85DAC300C0EC1F /* Preview Assets.xcassets */,
			);
			path = "Preview Content";
			sourceTree = "<group>";
		};
		D04075D62B85DAC300C0EC1F /* SeekPlusTests */ = {
			isa = PBXGroup;
			children = (
				D04075D72B85DAC300C0EC1F /* SeekPlusTests.swift */,
			);
			path = SeekPlusTests;
			sourceTree = "<group>";
		};
		D04075E02B85DAC300C0EC1F /* SeekPlusUITests */ = {
			isa = PBXGroup;
			children = (
				D04075E12B85DAC300C0EC1F /* SeekPlusUITests.swift */,
				D04075E32B85DAC300C0EC1F /* SeekPlusUITestsLaunchTests.swift */,
			);
			path = SeekPlusUITests;
			sourceTree = "<group>";
		};
		D04075F02B85F44200C0EC1F /* Features */ = {
			isa = PBXGroup;
			children = (
				D04075FF2B85F68500C0EC1F /* Login */,
				D04075FD2B85F51800C0EC1F /* TabBar */,
				D04075F12B85F45300C0EC1F /* Home */,
				D04075F32B85F46400C0EC1F /* AppliedJobs */,
				D04075F22B85F45800C0EC1F /* Profile */,
			);
			path = Features;
			sourceTree = "<group>";
		};
		D04075F12B85F45300C0EC1F /* Home */ = {
			isa = PBXGroup;
			children = (
				D04075F42B85F47000C0EC1F /* UI */,
				D04075F52B85F48600C0EC1F /* Domain */,
				D04075F62B85F4C600C0EC1F /* Data */,
			);
			path = Home;
			sourceTree = "<group>";
		};
		D04075F22B85F45800C0EC1F /* Profile */ = {
			isa = PBXGroup;
			children = (
				D04075FC2B85F50100C0EC1F /* UI */,
				D04075FB2B85F4F400C0EC1F /* Domain */,
				D04075FA2B85F4EE00C0EC1F /* Data */,
			);
			path = Profile;
			sourceTree = "<group>";
		};
		D04075F32B85F46400C0EC1F /* AppliedJobs */ = {
			isa = PBXGroup;
			children = (
				D04075F92B85F4E300C0EC1F /* UI */,
				D04075F82B85F4DD00C0EC1F /* Domain */,
				D04075F72B85F4D400C0EC1F /* Data */,
			);
			path = AppliedJobs;
			sourceTree = "<group>";
		};
		D04075F42B85F47000C0EC1F /* UI */ = {
			isa = PBXGroup;
			children = (
				D04076062B86DE1A00C0EC1F /* View */,
			);
			path = UI;
			sourceTree = "<group>";
		};
		D04075F52B85F48600C0EC1F /* Domain */ = {
			isa = PBXGroup;
			children = (
			);
			path = Domain;
			sourceTree = "<group>";
		};
		D04075F62B85F4C600C0EC1F /* Data */ = {
			isa = PBXGroup;
			children = (
			);
			path = Data;
			sourceTree = "<group>";
		};
		D04075F72B85F4D400C0EC1F /* Data */ = {
			isa = PBXGroup;
			children = (
			);
			path = Data;
			sourceTree = "<group>";
		};
		D04075F82B85F4DD00C0EC1F /* Domain */ = {
			isa = PBXGroup;
			children = (
			);
			path = Domain;
			sourceTree = "<group>";
		};
		D04075F92B85F4E300C0EC1F /* UI */ = {
			isa = PBXGroup;
			children = (
				D04076132B86F44400C0EC1F /* AppliedJobsView.swift */,
			);
			path = UI;
			sourceTree = "<group>";
		};
		D04075FA2B85F4EE00C0EC1F /* Data */ = {
			isa = PBXGroup;
			children = (
			);
			path = Data;
			sourceTree = "<group>";
		};
		D04075FB2B85F4F400C0EC1F /* Domain */ = {
			isa = PBXGroup;
			children = (
			);
			path = Domain;
			sourceTree = "<group>";
		};
		D04075FC2B85F50100C0EC1F /* UI */ = {
			isa = PBXGroup;
			children = (
				D04076152B86F46500C0EC1F /* ProfileView.swift */,
			);
			path = UI;
			sourceTree = "<group>";
		};
		D04075FD2B85F51800C0EC1F /* TabBar */ = {
			isa = PBXGroup;
			children = (
				D04075FE2B85F52700C0EC1F /* UI */,
			);
			path = TabBar;
			sourceTree = "<group>";
		};
		D04075FE2B85F52700C0EC1F /* UI */ = {
			isa = PBXGroup;
			children = (
				D04076032B86DDC400C0EC1F /* View */,
			);
			path = UI;
			sourceTree = "<group>";
		};
		D04075FF2B85F68500C0EC1F /* Login */ = {
			isa = PBXGroup;
			children = (
				D04076002B85F68C00C0EC1F /* UI */,
				D04076022B85F69800C0EC1F /* Domain */,
				D04076012B85F69100C0EC1F /* Data */,
			);
			path = Login;
			sourceTree = "<group>";
		};
		D04076002B85F68C00C0EC1F /* UI */ = {
			isa = PBXGroup;
			children = (
				D040762D2B8773FB00C0EC1F /* DataModel */,
				D040761E2B8713DB00C0EC1F /* LoginView.swift */,
			);
			path = UI;
			sourceTree = "<group>";
		};
		D04076012B85F69100C0EC1F /* Data */ = {
			isa = PBXGroup;
			children = (
			);
			path = Data;
			sourceTree = "<group>";
		};
		D04076022B85F69800C0EC1F /* Domain */ = {
			isa = PBXGroup;
			children = (
			);
			path = Domain;
			sourceTree = "<group>";
		};
		D04076032B86DDC400C0EC1F /* View */ = {
			isa = PBXGroup;
			children = (
				D04076042B86DDDB00C0EC1F /* TabBarView.swift */,
				D040761C2B870C3B00C0EC1F /* TabBarItem.swift */,
			);
			path = View;
			sourceTree = "<group>";
		};
		D04076062B86DE1A00C0EC1F /* View */ = {
			isa = PBXGroup;
			children = (
				D04076072B86DE2900C0EC1F /* HomeView.swift */,
			);
			path = View;
			sourceTree = "<group>";
		};
		D04076092B86DFEA00C0EC1F /* UIDesign */ = {
			isa = PBXGroup;
			children = (
				D04076202B87200500C0EC1F /* Attributes */,
				D04076102B86E55C00C0EC1F /* ColorPalette */,
				D040760A2B86E01500C0EC1F /* Components */,
			);
			path = UIDesign;
			sourceTree = "<group>";
		};
		D040760A2B86E01500C0EC1F /* Components */ = {
			isa = PBXGroup;
			children = (
				D040762E2B87817B00C0EC1F /* JobCardView */,
				D04076282B87682100C0EC1F /* ConfigurableButtonStyle */,
				D04076232B873D0200C0EC1F /* CustomTextFieldStyle */,
				D04076172B87039200C0EC1F /* ConfigurableTextStyle */,
				D040760D2B86E10900C0EC1F /* ConfigurableImageStyle */,
			);
			path = Components;
			sourceTree = "<group>";
		};
		D040760D2B86E10900C0EC1F /* ConfigurableImageStyle */ = {
			isa = PBXGroup;
			children = (
				D040760B2B86E09300C0EC1F /* ConfigurableImageStyle.swift */,
				D040760E2B86E1C900C0EC1F /* ImageAttributes.swift */,
			);
			path = ConfigurableImageStyle;
			sourceTree = "<group>";
		};
		D04076102B86E55C00C0EC1F /* ColorPalette */ = {
			isa = PBXGroup;
			children = (
				D04076112B86E58400C0EC1F /* AppColor.swift */,
			);
			path = ColorPalette;
			sourceTree = "<group>";
		};
		D04076172B87039200C0EC1F /* ConfigurableTextStyle */ = {
			isa = PBXGroup;
			children = (
				D04076182B8703AC00C0EC1F /* TextAttributes.swift */,
				D040761A2B8707D100C0EC1F /* ConfigurableTextStyle.swift */,
			);
			path = ConfigurableTextStyle;
			sourceTree = "<group>";
		};
		D04076202B87200500C0EC1F /* Attributes */ = {
			isa = PBXGroup;
			children = (
				D04076212B87202000C0EC1F /* Margin.swift */,
			);
			path = Attributes;
			sourceTree = "<group>";
		};
		D04076232B873D0200C0EC1F /* CustomTextFieldStyle */ = {
			isa = PBXGroup;
			children = (
				D04076242B873D4000C0EC1F /* DefaultTextFieldStyle.swift */,
			);
			path = CustomTextFieldStyle;
			sourceTree = "<group>";
		};
		D04076282B87682100C0EC1F /* ConfigurableButtonStyle */ = {
			isa = PBXGroup;
			children = (
				D04076292B87683D00C0EC1F /* ConfigurableButtonStyle.swift */,
				D040762B2B87689100C0EC1F /* ButtonAttributes.swift */,
			);
			path = ConfigurableButtonStyle;
			sourceTree = "<group>";
		};
		D040762D2B8773FB00C0EC1F /* DataModel */ = {
			isa = PBXGroup;
			children = (
				D04076262B8764A100C0EC1F /* LoginField.swift */,
			);
			path = DataModel;
			sourceTree = "<group>";
		};
		D040762E2B87817B00C0EC1F /* JobCardView */ = {
			isa = PBXGroup;
			children = (
				D040762F2B87818F00C0EC1F /* JobCardView.swift */,
			);
			path = JobCardView;
			sourceTree = "<group>";
		};
/* End PBXGroup section */

/* Begin PBXNativeTarget section */
		D04075C22B85DAC200C0EC1F /* SeekPlus */ = {
			isa = PBXNativeTarget;
			buildConfigurationList = D04075E72B85DAC300C0EC1F /* Build configuration list for PBXNativeTarget "SeekPlus" */;
			buildPhases = (
				D04075BF2B85DAC200C0EC1F /* Sources */,
				D04075C02B85DAC200C0EC1F /* Frameworks */,
				D04075C12B85DAC200C0EC1F /* Resources */,
			);
			buildRules = (
			);
			dependencies = (
			);
			name = SeekPlus;
			productName = SeekPlus;
			productReference = D04075C32B85DAC200C0EC1F /* SeekPlus.app */;
			productType = "com.apple.product-type.application";
		};
		D04075D22B85DAC300C0EC1F /* SeekPlusTests */ = {
			isa = PBXNativeTarget;
			buildConfigurationList = D04075EA2B85DAC300C0EC1F /* Build configuration list for PBXNativeTarget "SeekPlusTests" */;
			buildPhases = (
				D04075CF2B85DAC300C0EC1F /* Sources */,
				D04075D02B85DAC300C0EC1F /* Frameworks */,
				D04075D12B85DAC300C0EC1F /* Resources */,
			);
			buildRules = (
			);
			dependencies = (
				D04075D52B85DAC300C0EC1F /* PBXTargetDependency */,
			);
			name = SeekPlusTests;
			productName = SeekPlusTests;
			productReference = D04075D32B85DAC300C0EC1F /* SeekPlusTests.xctest */;
			productType = "com.apple.product-type.bundle.unit-test";
		};
		D04075DC2B85DAC300C0EC1F /* SeekPlusUITests */ = {
			isa = PBXNativeTarget;
			buildConfigurationList = D04075ED2B85DAC300C0EC1F /* Build configuration list for PBXNativeTarget "SeekPlusUITests" */;
			buildPhases = (
				D04075D92B85DAC300C0EC1F /* Sources */,
				D04075DA2B85DAC300C0EC1F /* Frameworks */,
				D04075DB2B85DAC300C0EC1F /* Resources */,
			);
			buildRules = (
			);
			dependencies = (
				D04075DF2B85DAC300C0EC1F /* PBXTargetDependency */,
			);
			name = SeekPlusUITests;
			productName = SeekPlusUITests;
			productReference = D04075DD2B85DAC300C0EC1F /* SeekPlusUITests.xctest */;
			productType = "com.apple.product-type.bundle.ui-testing";
		};
/* End PBXNativeTarget section */

/* Begin PBXProject section */
		D04075BB2B85DAC200C0EC1F /* Project object */ = {
			isa = PBXProject;
			attributes = {
				BuildIndependentTargetsInParallel = 1;
				LastSwiftUpdateCheck = 1520;
				LastUpgradeCheck = 1520;
				TargetAttributes = {
					D04075C22B85DAC200C0EC1F = {
						CreatedOnToolsVersion = 15.2;
					};
					D04075D22B85DAC300C0EC1F = {
						CreatedOnToolsVersion = 15.2;
						TestTargetID = D04075C22B85DAC200C0EC1F;
					};
					D04075DC2B85DAC300C0EC1F = {
						CreatedOnToolsVersion = 15.2;
						TestTargetID = D04075C22B85DAC200C0EC1F;
					};
				};
			};
			buildConfigurationList = D04075BE2B85DAC200C0EC1F /* Build configuration list for PBXProject "SeekPlus" */;
			compatibilityVersion = "Xcode 14.0";
			developmentRegion = en;
			hasScannedForEncodings = 0;
			knownRegions = (
				en,
				Base,
			);
			mainGroup = D04075BA2B85DAC200C0EC1F;
			productRefGroup = D04075C42B85DAC200C0EC1F /* Products */;
			projectDirPath = "";
			projectRoot = "";
			targets = (
				D04075C22B85DAC200C0EC1F /* SeekPlus */,
				D04075D22B85DAC300C0EC1F /* SeekPlusTests */,
				D04075DC2B85DAC300C0EC1F /* SeekPlusUITests */,
			);
		};
/* End PBXProject section */

/* Begin PBXResourcesBuildPhase section */
		D04075C12B85DAC200C0EC1F /* Resources */ = {
			isa = PBXResourcesBuildPhase;
			buildActionMask = 2147483647;
			files = (
				D04075CE2B85DAC300C0EC1F /* Preview Assets.xcassets in Resources */,
				D04075CB2B85DAC300C0EC1F /* Assets.xcassets in Resources */,
			);
			runOnlyForDeploymentPostprocessing = 0;
		};
		D04075D12B85DAC300C0EC1F /* Resources */ = {
			isa = PBXResourcesBuildPhase;
			buildActionMask = 2147483647;
			files = (
			);
			runOnlyForDeploymentPostprocessing = 0;
		};
		D04075DB2B85DAC300C0EC1F /* Resources */ = {
			isa = PBXResourcesBuildPhase;
			buildActionMask = 2147483647;
			files = (
			);
			runOnlyForDeploymentPostprocessing = 0;
		};
/* End PBXResourcesBuildPhase section */

/* Begin PBXSourcesBuildPhase section */
		D04075BF2B85DAC200C0EC1F /* Sources */ = {
			isa = PBXSourcesBuildPhase;
			buildActionMask = 2147483647;
			files = (
				D04076142B86F44400C0EC1F /* AppliedJobsView.swift in Sources */,
				D04076252B873D4000C0EC1F /* DefaultTextFieldStyle.swift in Sources */,
				D04076192B8703AC00C0EC1F /* TextAttributes.swift in Sources */,
				D04076162B86F46500C0EC1F /* ProfileView.swift in Sources */,
				D040761B2B8707D100C0EC1F /* ConfigurableTextStyle.swift in Sources */,
				D040760C2B86E09300C0EC1F /* ConfigurableImageStyle.swift in Sources */,
				D04075C92B85DAC200C0EC1F /* ContentView.swift in Sources */,
				D040761D2B870C3B00C0EC1F /* TabBarItem.swift in Sources */,
				D04076272B8764A100C0EC1F /* LoginField.swift in Sources */,
				D04076082B86DE2900C0EC1F /* HomeView.swift in Sources */,
				D04076122B86E58400C0EC1F /* AppColor.swift in Sources */,
				D040760F2B86E1C900C0EC1F /* ImageAttributes.swift in Sources */,
				D04076302B87818F00C0EC1F /* JobCardView.swift in Sources */,
				D040761F2B8713DB00C0EC1F /* LoginView.swift in Sources */,
				D04076222B87202000C0EC1F /* Margin.swift in Sources */,
				D040762C2B87689100C0EC1F /* ButtonAttributes.swift in Sources */,
				D04076052B86DDDB00C0EC1F /* TabBarView.swift in Sources */,
				D04075C72B85DAC200C0EC1F /* SeekPlusApp.swift in Sources */,
				D040762A2B87683D00C0EC1F /* ConfigurableButtonStyle.swift in Sources */,
			);
			runOnlyForDeploymentPostprocessing = 0;
		};
		D04075CF2B85DAC300C0EC1F /* Sources */ = {
			isa = PBXSourcesBuildPhase;
			buildActionMask = 2147483647;
			files = (
				D04075D82B85DAC300C0EC1F /* SeekPlusTests.swift in Sources */,
			);
			runOnlyForDeploymentPostprocessing = 0;
		};
		D04075D92B85DAC300C0EC1F /* Sources */ = {
			isa = PBXSourcesBuildPhase;
			buildActionMask = 2147483647;
			files = (
				D04075E42B85DAC300C0EC1F /* SeekPlusUITestsLaunchTests.swift in Sources */,
				D04075E22B85DAC300C0EC1F /* SeekPlusUITests.swift in Sources */,
			);
			runOnlyForDeploymentPostprocessing = 0;
		};
/* End PBXSourcesBuildPhase section */

/* Begin PBXTargetDependency section */
		D04075D52B85DAC300C0EC1F /* PBXTargetDependency */ = {
			isa = PBXTargetDependency;
			target = D04075C22B85DAC200C0EC1F /* SeekPlus */;
			targetProxy = D04075D42B85DAC300C0EC1F /* PBXContainerItemProxy */;
		};
		D04075DF2B85DAC300C0EC1F /* PBXTargetDependency */ = {
			isa = PBXTargetDependency;
			target = D04075C22B85DAC200C0EC1F /* SeekPlus */;
			targetProxy = D04075DE2B85DAC300C0EC1F /* PBXContainerItemProxy */;
		};
/* End PBXTargetDependency section */

/* Begin XCBuildConfiguration section */
		D04075E52B85DAC300C0EC1F /* Debug */ = {
			isa = XCBuildConfiguration;
			buildSettings = {
				ALWAYS_SEARCH_USER_PATHS = NO;
				ASSETCATALOG_COMPILER_GENERATE_SWIFT_ASSET_SYMBOL_EXTENSIONS = YES;
				CLANG_ANALYZER_NONNULL = YES;
				CLANG_ANALYZER_NUMBER_OBJECT_CONVERSION = YES_AGGRESSIVE;
				CLANG_CXX_LANGUAGE_STANDARD = "gnu++20";
				CLANG_ENABLE_MODULES = YES;
				CLANG_ENABLE_OBJC_ARC = YES;
				CLANG_ENABLE_OBJC_WEAK = YES;
				CLANG_WARN_BLOCK_CAPTURE_AUTORELEASING = YES;
				CLANG_WARN_BOOL_CONVERSION = YES;
				CLANG_WARN_COMMA = YES;
				CLANG_WARN_CONSTANT_CONVERSION = YES;
				CLANG_WARN_DEPRECATED_OBJC_IMPLEMENTATIONS = YES;
				CLANG_WARN_DIRECT_OBJC_ISA_USAGE = YES_ERROR;
				CLANG_WARN_DOCUMENTATION_COMMENTS = YES;
				CLANG_WARN_EMPTY_BODY = YES;
				CLANG_WARN_ENUM_CONVERSION = YES;
				CLANG_WARN_INFINITE_RECURSION = YES;
				CLANG_WARN_INT_CONVERSION = YES;
				CLANG_WARN_NON_LITERAL_NULL_CONVERSION = YES;
				CLANG_WARN_OBJC_IMPLICIT_RETAIN_SELF = YES;
				CLANG_WARN_OBJC_LITERAL_CONVERSION = YES;
				CLANG_WARN_OBJC_ROOT_CLASS = YES_ERROR;
				CLANG_WARN_QUOTED_INCLUDE_IN_FRAMEWORK_HEADER = YES;
				CLANG_WARN_RANGE_LOOP_ANALYSIS = YES;
				CLANG_WARN_STRICT_PROTOTYPES = YES;
				CLANG_WARN_SUSPICIOUS_MOVE = YES;
				CLANG_WARN_UNGUARDED_AVAILABILITY = YES_AGGRESSIVE;
				CLANG_WARN_UNREACHABLE_CODE = YES;
				CLANG_WARN__DUPLICATE_METHOD_MATCH = YES;
				COPY_PHASE_STRIP = NO;
				DEBUG_INFORMATION_FORMAT = dwarf;
				ENABLE_STRICT_OBJC_MSGSEND = YES;
				ENABLE_TESTABILITY = YES;
				ENABLE_USER_SCRIPT_SANDBOXING = YES;
				GCC_C_LANGUAGE_STANDARD = gnu17;
				GCC_DYNAMIC_NO_PIC = NO;
				GCC_NO_COMMON_BLOCKS = YES;
				GCC_OPTIMIZATION_LEVEL = 0;
				GCC_PREPROCESSOR_DEFINITIONS = (
					"DEBUG=1",
					"$(inherited)",
				);
				GCC_WARN_64_TO_32_BIT_CONVERSION = YES;
				GCC_WARN_ABOUT_RETURN_TYPE = YES_ERROR;
				GCC_WARN_UNDECLARED_SELECTOR = YES;
				GCC_WARN_UNINITIALIZED_AUTOS = YES_AGGRESSIVE;
				GCC_WARN_UNUSED_FUNCTION = YES;
				GCC_WARN_UNUSED_VARIABLE = YES;
				IPHONEOS_DEPLOYMENT_TARGET = 17.2;
				LOCALIZATION_PREFERS_STRING_CATALOGS = YES;
				MTL_ENABLE_DEBUG_INFO = INCLUDE_SOURCE;
				MTL_FAST_MATH = YES;
				ONLY_ACTIVE_ARCH = YES;
				SDKROOT = iphoneos;
				SWIFT_ACTIVE_COMPILATION_CONDITIONS = "DEBUG $(inherited)";
				SWIFT_OPTIMIZATION_LEVEL = "-Onone";
			};
			name = Debug;
		};
		D04075E62B85DAC300C0EC1F /* Release */ = {
			isa = XCBuildConfiguration;
			buildSettings = {
				ALWAYS_SEARCH_USER_PATHS = NO;
				ASSETCATALOG_COMPILER_GENERATE_SWIFT_ASSET_SYMBOL_EXTENSIONS = YES;
				CLANG_ANALYZER_NONNULL = YES;
				CLANG_ANALYZER_NUMBER_OBJECT_CONVERSION = YES_AGGRESSIVE;
				CLANG_CXX_LANGUAGE_STANDARD = "gnu++20";
				CLANG_ENABLE_MODULES = YES;
				CLANG_ENABLE_OBJC_ARC = YES;
				CLANG_ENABLE_OBJC_WEAK = YES;
				CLANG_WARN_BLOCK_CAPTURE_AUTORELEASING = YES;
				CLANG_WARN_BOOL_CONVERSION = YES;
				CLANG_WARN_COMMA = YES;
				CLANG_WARN_CONSTANT_CONVERSION = YES;
				CLANG_WARN_DEPRECATED_OBJC_IMPLEMENTATIONS = YES;
				CLANG_WARN_DIRECT_OBJC_ISA_USAGE = YES_ERROR;
				CLANG_WARN_DOCUMENTATION_COMMENTS = YES;
				CLANG_WARN_EMPTY_BODY = YES;
				CLANG_WARN_ENUM_CONVERSION = YES;
				CLANG_WARN_INFINITE_RECURSION = YES;
				CLANG_WARN_INT_CONVERSION = YES;
				CLANG_WARN_NON_LITERAL_NULL_CONVERSION = YES;
				CLANG_WARN_OBJC_IMPLICIT_RETAIN_SELF = YES;
				CLANG_WARN_OBJC_LITERAL_CONVERSION = YES;
				CLANG_WARN_OBJC_ROOT_CLASS = YES_ERROR;
				CLANG_WARN_QUOTED_INCLUDE_IN_FRAMEWORK_HEADER = YES;
				CLANG_WARN_RANGE_LOOP_ANALYSIS = YES;
				CLANG_WARN_STRICT_PROTOTYPES = YES;
				CLANG_WARN_SUSPICIOUS_MOVE = YES;
				CLANG_WARN_UNGUARDED_AVAILABILITY = YES_AGGRESSIVE;
				CLANG_WARN_UNREACHABLE_CODE = YES;
				CLANG_WARN__DUPLICATE_METHOD_MATCH = YES;
				COPY_PHASE_STRIP = NO;
				DEBUG_INFORMATION_FORMAT = "dwarf-with-dsym";
				ENABLE_NS_ASSERTIONS = NO;
				ENABLE_STRICT_OBJC_MSGSEND = YES;
				ENABLE_USER_SCRIPT_SANDBOXING = YES;
				GCC_C_LANGUAGE_STANDARD = gnu17;
				GCC_NO_COMMON_BLOCKS = YES;
				GCC_WARN_64_TO_32_BIT_CONVERSION = YES;
				GCC_WARN_ABOUT_RETURN_TYPE = YES_ERROR;
				GCC_WARN_UNDECLARED_SELECTOR = YES;
				GCC_WARN_UNINITIALIZED_AUTOS = YES_AGGRESSIVE;
				GCC_WARN_UNUSED_FUNCTION = YES;
				GCC_WARN_UNUSED_VARIABLE = YES;
				IPHONEOS_DEPLOYMENT_TARGET = 17.2;
				LOCALIZATION_PREFERS_STRING_CATALOGS = YES;
				MTL_ENABLE_DEBUG_INFO = NO;
				MTL_FAST_MATH = YES;
				SDKROOT = iphoneos;
				SWIFT_COMPILATION_MODE = wholemodule;
				VALIDATE_PRODUCT = YES;
			};
			name = Release;
		};
		D04075E82B85DAC300C0EC1F /* Debug */ = {
			isa = XCBuildConfiguration;
			buildSettings = {
				ASSETCATALOG_COMPILER_APPICON_NAME = AppIcon;
				ASSETCATALOG_COMPILER_GLOBAL_ACCENT_COLOR_NAME = AccentColor;
				CODE_SIGN_STYLE = Automatic;
				CURRENT_PROJECT_VERSION = 1;
				DEVELOPMENT_ASSET_PATHS = "\"SeekPlus/Preview Content\"";
				ENABLE_PREVIEWS = YES;
				GENERATE_INFOPLIST_FILE = YES;
				INFOPLIST_KEY_UIApplicationSceneManifest_Generation = YES;
				INFOPLIST_KEY_UIApplicationSupportsIndirectInputEvents = YES;
				INFOPLIST_KEY_UILaunchScreen_Generation = YES;
				INFOPLIST_KEY_UISupportedInterfaceOrientations_iPad = "UIInterfaceOrientationPortrait UIInterfaceOrientationPortraitUpsideDown UIInterfaceOrientationLandscapeLeft UIInterfaceOrientationLandscapeRight";
				INFOPLIST_KEY_UISupportedInterfaceOrientations_iPhone = "UIInterfaceOrientationPortrait UIInterfaceOrientationLandscapeLeft UIInterfaceOrientationLandscapeRight";
				LD_RUNPATH_SEARCH_PATHS = (
					"$(inherited)",
					"@executable_path/Frameworks",
				);
				MARKETING_VERSION = 1.0;
				PRODUCT_BUNDLE_IDENTIFIER = com.seek.assignment.SeekPlus;
				PRODUCT_NAME = "$(TARGET_NAME)";
				SWIFT_EMIT_LOC_STRINGS = YES;
				SWIFT_VERSION = 5.0;
				TARGETED_DEVICE_FAMILY = "1,2";
			};
			name = Debug;
		};
		D04075E92B85DAC300C0EC1F /* Release */ = {
			isa = XCBuildConfiguration;
			buildSettings = {
				ASSETCATALOG_COMPILER_APPICON_NAME = AppIcon;
				ASSETCATALOG_COMPILER_GLOBAL_ACCENT_COLOR_NAME = AccentColor;
				CODE_SIGN_STYLE = Automatic;
				CURRENT_PROJECT_VERSION = 1;
				DEVELOPMENT_ASSET_PATHS = "\"SeekPlus/Preview Content\"";
				ENABLE_PREVIEWS = YES;
				GENERATE_INFOPLIST_FILE = YES;
				INFOPLIST_KEY_UIApplicationSceneManifest_Generation = YES;
				INFOPLIST_KEY_UIApplicationSupportsIndirectInputEvents = YES;
				INFOPLIST_KEY_UILaunchScreen_Generation = YES;
				INFOPLIST_KEY_UISupportedInterfaceOrientations_iPad = "UIInterfaceOrientationPortrait UIInterfaceOrientationPortraitUpsideDown UIInterfaceOrientationLandscapeLeft UIInterfaceOrientationLandscapeRight";
				INFOPLIST_KEY_UISupportedInterfaceOrientations_iPhone = "UIInterfaceOrientationPortrait UIInterfaceOrientationLandscapeLeft UIInterfaceOrientationLandscapeRight";
				LD_RUNPATH_SEARCH_PATHS = (
					"$(inherited)",
					"@executable_path/Frameworks",
				);
				MARKETING_VERSION = 1.0;
				PRODUCT_BUNDLE_IDENTIFIER = com.seek.assignment.SeekPlus;
				PRODUCT_NAME = "$(TARGET_NAME)";
				SWIFT_EMIT_LOC_STRINGS = YES;
				SWIFT_VERSION = 5.0;
				TARGETED_DEVICE_FAMILY = "1,2";
			};
			name = Release;
		};
		D04075EB2B85DAC300C0EC1F /* Debug */ = {
			isa = XCBuildConfiguration;
			buildSettings = {
				ALWAYS_EMBED_SWIFT_STANDARD_LIBRARIES = YES;
				BUNDLE_LOADER = "$(TEST_HOST)";
				CODE_SIGN_STYLE = Automatic;
				CURRENT_PROJECT_VERSION = 1;
				GENERATE_INFOPLIST_FILE = YES;
				IPHONEOS_DEPLOYMENT_TARGET = 17.2;
				MARKETING_VERSION = 1.0;
				PRODUCT_BUNDLE_IDENTIFIER = com.seek.assignment.SeekPlusTests;
				PRODUCT_NAME = "$(TARGET_NAME)";
				SWIFT_EMIT_LOC_STRINGS = NO;
				SWIFT_VERSION = 5.0;
				TARGETED_DEVICE_FAMILY = "1,2";
				TEST_HOST = "$(BUILT_PRODUCTS_DIR)/SeekPlus.app/$(BUNDLE_EXECUTABLE_FOLDER_PATH)/SeekPlus";
			};
			name = Debug;
		};
		D04075EC2B85DAC300C0EC1F /* Release */ = {
			isa = XCBuildConfiguration;
			buildSettings = {
				ALWAYS_EMBED_SWIFT_STANDARD_LIBRARIES = YES;
				BUNDLE_LOADER = "$(TEST_HOST)";
				CODE_SIGN_STYLE = Automatic;
				CURRENT_PROJECT_VERSION = 1;
				GENERATE_INFOPLIST_FILE = YES;
				IPHONEOS_DEPLOYMENT_TARGET = 17.2;
				MARKETING_VERSION = 1.0;
				PRODUCT_BUNDLE_IDENTIFIER = com.seek.assignment.SeekPlusTests;
				PRODUCT_NAME = "$(TARGET_NAME)";
				SWIFT_EMIT_LOC_STRINGS = NO;
				SWIFT_VERSION = 5.0;
				TARGETED_DEVICE_FAMILY = "1,2";
				TEST_HOST = "$(BUILT_PRODUCTS_DIR)/SeekPlus.app/$(BUNDLE_EXECUTABLE_FOLDER_PATH)/SeekPlus";
			};
			name = Release;
		};
		D04075EE2B85DAC300C0EC1F /* Debug */ = {
			isa = XCBuildConfiguration;
			buildSettings = {
				ALWAYS_EMBED_SWIFT_STANDARD_LIBRARIES = YES;
				CODE_SIGN_STYLE = Automatic;
				CURRENT_PROJECT_VERSION = 1;
				GENERATE_INFOPLIST_FILE = YES;
				MARKETING_VERSION = 1.0;
				PRODUCT_BUNDLE_IDENTIFIER = com.seek.assignment.SeekPlusUITests;
				PRODUCT_NAME = "$(TARGET_NAME)";
				SWIFT_EMIT_LOC_STRINGS = NO;
				SWIFT_VERSION = 5.0;
				TARGETED_DEVICE_FAMILY = "1,2";
				TEST_TARGET_NAME = SeekPlus;
			};
			name = Debug;
		};
		D04075EF2B85DAC300C0EC1F /* Release */ = {
			isa = XCBuildConfiguration;
			buildSettings = {
				ALWAYS_EMBED_SWIFT_STANDARD_LIBRARIES = YES;
				CODE_SIGN_STYLE = Automatic;
				CURRENT_PROJECT_VERSION = 1;
				GENERATE_INFOPLIST_FILE = YES;
				MARKETING_VERSION = 1.0;
				PRODUCT_BUNDLE_IDENTIFIER = com.seek.assignment.SeekPlusUITests;
				PRODUCT_NAME = "$(TARGET_NAME)";
				SWIFT_EMIT_LOC_STRINGS = NO;
				SWIFT_VERSION = 5.0;
				TARGETED_DEVICE_FAMILY = "1,2";
				TEST_TARGET_NAME = SeekPlus;
			};
			name = Release;
		};
/* End XCBuildConfiguration section */

/* Begin XCConfigurationList section */
		D04075BE2B85DAC200C0EC1F /* Build configuration list for PBXProject "SeekPlus" */ = {
			isa = XCConfigurationList;
			buildConfigurations = (
				D04075E52B85DAC300C0EC1F /* Debug */,
				D04075E62B85DAC300C0EC1F /* Release */,
			);
			defaultConfigurationIsVisible = 0;
			defaultConfigurationName = Release;
		};
		D04075E72B85DAC300C0EC1F /* Build configuration list for PBXNativeTarget "SeekPlus" */ = {
			isa = XCConfigurationList;
			buildConfigurations = (
				D04075E82B85DAC300C0EC1F /* Debug */,
				D04075E92B85DAC300C0EC1F /* Release */,
			);
			defaultConfigurationIsVisible = 0;
			defaultConfigurationName = Release;
		};
		D04075EA2B85DAC300C0EC1F /* Build configuration list for PBXNativeTarget "SeekPlusTests" */ = {
			isa = XCConfigurationList;
			buildConfigurations = (
				D04075EB2B85DAC300C0EC1F /* Debug */,
				D04075EC2B85DAC300C0EC1F /* Release */,
			);
			defaultConfigurationIsVisible = 0;
			defaultConfigurationName = Release;
		};
		D04075ED2B85DAC300C0EC1F /* Build configuration list for PBXNativeTarget "SeekPlusUITests" */ = {
			isa = XCConfigurationList;
			buildConfigurations = (
				D04075EE2B85DAC300C0EC1F /* Debug */,
				D04075EF2B85DAC300C0EC1F /* Release */,
			);
			defaultConfigurationIsVisible = 0;
			defaultConfigurationName = Release;
		};
/* End XCConfigurationList section */
	};
	rootObject = D04075BB2B85DAC200C0EC1F /* Project object */;
}
