{
  "pins" : [
    {
      "identity" : "apollo-ios",
      "kind" : "remoteSourceControl",
      "location" : "https://github.com/apollographql/apollo-ios",
      "state" : {
        "revision" : "74a16c771a0a5f2cb9e069e8f96125a9288894d0",
        "version" : "1.9.0"
      }
    },
    {
      "identity" : "sqlite.swift",
      "kind" : "remoteSourceControl",
      "location" : "https://github.com/stephencelis/SQLite.swift.git",
      "state" : {
        "revision" : "e78ae0220e17525a15ac68c697a155eb7a672a8e",
        "version" : "0.15.0"
      }
    },
    {
      "identity" : "swinject",
      "kind" : "remoteSourceControl",
      "location" : "https://github.com/Swinject/Swinject.git",
      "state" : {
        "revision" : "463cb2d659c8ae34899d18057ea5b1bb86fc3178",
        "version" : "2.8.4"
      }
    },
    {
      "identity" : "swinjectautoregistration",
      "kind" : "remoteSourceControl",
      "location" : "https://github.com/Swinject/SwinjectAutoregistration.git",
      "state" : {
        "revision" : "2f37415084584d0aa97007e43eb7a2498ccf770e",
        "version" : "2.8.3"
      }
    }
  ],
  "version" : 2
}
